<?xml version="1.0" encoding="utf-8"?>
<Project ToolsVersion="4.0" xmlns="http://schemas.microsoft.com/developer/msbuild/2003">
  <ItemGroup>
    <Filter Include="源文件">
      <UniqueIdentifier>{4FC737F1-C7A5-4376-A066-2A32D752A2FF}</UniqueIdentifier>
      <Extensions>cpp;c;cc;cxx;def;odl;idl;hpj;bat;asm;asmx</Extensions>
    </Filter>
    <Filter Include="头文件">
      <UniqueIdentifier>{93995380-89BD-4b04-88EB-625FBE52EBFB}</UniqueIdentifier>
      <Extensions>h;hh;hpp;hxx;hm;inl;inc;xsd</Extensions>
    </Filter>
    <Filter Include="资源文件">
      <UniqueIdentifier>{67DA6AB6-F800-4c08-8B7A-83BB121AAD01}</UniqueIdentifier>
      <Extensions>rc;ico;cur;bmp;dlg;rc2;rct;bin;rgs;gif;jpg;jpeg;jpe;resx;tiff;tif;png;wav;mfcribbon-ms</Extensions>
    </Filter>
  </ItemGroup>
  <ItemGroup>
    <ClInclude Include="resource.h">
      <Filter>头文件</Filter>
    </ClInclude>
    <ClInclude Include="src\drivers\airspeed\airspeed.h">
      <Filter>头文件</Filter>
    </ClInclude>
    <ClInclude Include="src\drivers\ardrone_interface\ardrone_motor_control.h">
      <Filter>头文件</Filter>
    </ClInclude>
    <ClInclude Include="src\drivers\boards\aerocore\board_config.h">
      <Filter>头文件</Filter>
    </ClInclude>
    <ClInclude Include="src\drivers\boards\px4fmu-v1\board_config.h">
      <Filter>头文件</Filter>
    </ClInclude>
    <ClInclude Include="src\drivers\boards\px4fmu-v2\board_config.h">
      <Filter>头文件</Filter>
    </ClInclude>
    <ClInclude Include="src\drivers\boards\px4io-v1\board_config.h">
      <Filter>头文件</Filter>
    </ClInclude>
    <ClInclude Include="src\drivers\boards\px4io-v2\board_config.h">
      <Filter>头文件</Filter>
    </ClInclude>
    <ClInclude Include="src\drivers\boards\px4-stm32f4discovery\board_config.h">
      <Filter>头文件</Filter>
    </ClInclude>
    <ClInclude Include="src\drivers\boards\sim\board_config.h">
      <Filter>头文件</Filter>
    </ClInclude>
    <ClInclude Include="src\drivers\device\device.h">
      <Filter>头文件</Filter>
    </ClInclude>
    <ClInclude Include="src\drivers\device\device_nuttx.h">
      <Filter>头文件</Filter>
    </ClInclude>
    <ClInclude Include="src\drivers\device\i2c.h">
      <Filter>头文件</Filter>
    </ClInclude>
    <ClInclude Include="src\drivers\device\i2c_nuttx.h">
      <Filter>头文件</Filter>
    </ClInclude>
    <ClInclude Include="src\drivers\device\i2c_posix.h">
      <Filter>头文件</Filter>
    </ClInclude>
    <ClInclude Include="src\drivers\device\integrator.h">
      <Filter>头文件</Filter>
    </ClInclude>
    <ClInclude Include="src\drivers\device\ringbuffer.h">
      <Filter>头文件</Filter>
    </ClInclude>
    <ClInclude Include="src\drivers\device\sim.h">
      <Filter>头文件</Filter>
    </ClInclude>
    <ClInclude Include="src\drivers\device\spi.h">
      <Filter>头文件</Filter>
    </ClInclude>
    <ClInclude Include="src\drivers\device\vdev.h">
      <Filter>头文件</Filter>
    </ClInclude>
    <ClInclude Include="src\drivers\device\vfile.h">
      <Filter>头文件</Filter>
    </ClInclude>
    <ClInclude Include="src\drivers\frsky_telemetry\frsky_data.h">
      <Filter>头文件</Filter>
    </ClInclude>
    <ClInclude Include="src\drivers\gps\ashtech.h">
      <Filter>头文件</Filter>
    </ClInclude>
    <ClInclude Include="src\drivers\gps\gps_helper.h">
      <Filter>头文件</Filter>
    </ClInclude>
    <ClInclude Include="src\drivers\gps\mtk.h">
      <Filter>头文件</Filter>
    </ClInclude>
    <ClInclude Include="src\drivers\gps\ubx.h">
      <Filter>头文件</Filter>
    </ClInclude>
    <ClInclude Include="src\drivers\hmc5883\hmc5883.h">
      <Filter>头文件</Filter>
    </ClInclude>
    <ClInclude Include="src\drivers\hott\comms.h">
      <Filter>头文件</Filter>
    </ClInclude>
    <ClInclude Include="src\drivers\hott\messages.h">
      <Filter>头文件</Filter>
    </ClInclude>
    <ClInclude Include="src\drivers\ll40ls\LidarLite.h">
      <Filter>头文件</Filter>
    </ClInclude>
    <ClInclude Include="src\drivers\ll40ls\LidarLiteI2C.h">
      <Filter>头文件</Filter>
    </ClInclude>
    <ClInclude Include="src\drivers\ll40ls\LidarLitePWM.h">
      <Filter>头文件</Filter>
    </ClInclude>
    <ClInclude Include="src\drivers\md25\BlockSysIdent.hpp">
      <Filter>头文件</Filter>
    </ClInclude>
    <ClInclude Include="src\drivers\md25\md25.hpp">
      <Filter>头文件</Filter>
    </ClInclude>
    <ClInclude Include="src\drivers\ms5611\ms5611.h">
      <Filter>头文件</Filter>
    </ClInclude>
    <ClInclude Include="src\drivers\px4flow\i2c_frame.h">
      <Filter>头文件</Filter>
    </ClInclude>
    <ClInclude Include="src\drivers\px4io\px4io_driver.h">
      <Filter>头文件</Filter>
    </ClInclude>
    <ClInclude Include="src\drivers\px4io\uploader.h">
      <Filter>头文件</Filter>
    </ClInclude>
    <ClInclude Include="src\drivers\roboclaw\RoboClaw.hpp">
      <Filter>头文件</Filter>
    </ClInclude>
    <ClInclude Include="src\drivers\sf0x\sf0x_parser.h">
      <Filter>头文件</Filter>
    </ClInclude>
    <ClInclude Include="src\drivers\stm32\drv_pwm_servo.h">
      <Filter>头文件</Filter>
    </ClInclude>
    <ClInclude Include="src\drivers\drv_accel.h">
      <Filter>头文件</Filter>
    </ClInclude>
    <ClInclude Include="src\drivers\drv_adc.h">
      <Filter>头文件</Filter>
    </ClInclude>
    <ClInclude Include="src\drivers\drv_airspeed.h">
      <Filter>头文件</Filter>
    </ClInclude>
    <ClInclude Include="src\drivers\drv_baro.h">
      <Filter>头文件</Filter>
    </ClInclude>
    <ClInclude Include="src\drivers\drv_batt_smbus.h">
      <Filter>头文件</Filter>
    </ClInclude>
    <ClInclude Include="src\drivers\drv_blinkm.h">
      <Filter>头文件</Filter>
    </ClInclude>
    <ClInclude Include="src\drivers\drv_device.h">
      <Filter>头文件</Filter>
    </ClInclude>
    <ClInclude Include="src\drivers\drv_gpio.h">
      <Filter>头文件</Filter>
    </ClInclude>
    <ClInclude Include="src\drivers\drv_gps.h">
      <Filter>头文件</Filter>
    </ClInclude>
    <ClInclude Include="src\drivers\drv_gyro.h">
      <Filter>头文件</Filter>
    </ClInclude>
    <ClInclude Include="src\drivers\drv_hrt.h">
      <Filter>头文件</Filter>
    </ClInclude>
    <ClInclude Include="src\drivers\drv_io_expander.h">
      <Filter>头文件</Filter>
    </ClInclude>
    <ClInclude Include="src\drivers\drv_irlock.h">
      <Filter>头文件</Filter>
    </ClInclude>
    <ClInclude Include="src\drivers\drv_led.h">
      <Filter>头文件</Filter>
    </ClInclude>
    <ClInclude Include="src\drivers\drv_mag.h">
      <Filter>头文件</Filter>
    </ClInclude>
    <ClInclude Include="src\drivers\drv_mixer.h">
      <Filter>头文件</Filter>
    </ClInclude>
    <ClInclude Include="src\drivers\drv_orb_dev.h">
      <Filter>头文件</Filter>
    </ClInclude>
    <ClInclude Include="src\drivers\drv_oreoled.h">
      <Filter>头文件</Filter>
    </ClInclude>
    <ClInclude Include="src\drivers\drv_pwm_input.h">
      <Filter>头文件</Filter>
    </ClInclude>
    <ClInclude Include="src\drivers\drv_pwm_output.h">
      <Filter>头文件</Filter>
    </ClInclude>
    <ClInclude Include="src\drivers\drv_px4flow.h">
      <Filter>头文件</Filter>
    </ClInclude>
    <ClInclude Include="src\drivers\drv_range_finder.h">
      <Filter>头文件</Filter>
    </ClInclude>
    <ClInclude Include="src\drivers\drv_rc_input.h">
      <Filter>头文件</Filter>
    </ClInclude>
    <ClInclude Include="src\drivers\drv_rgbled.h">
      <Filter>头文件</Filter>
    </ClInclude>
    <ClInclude Include="src\drivers\drv_sbus.h">
      <Filter>头文件</Filter>
    </ClInclude>
    <ClInclude Include="src\drivers\drv_sensor.h">
      <Filter>头文件</Filter>
    </ClInclude>
    <ClInclude Include="src\drivers\drv_tone_alarm.h">
      <Filter>头文件</Filter>
    </ClInclude>
    <ClInclude Include="src\examples\fixedwing_control\params.h">
      <Filter>头文件</Filter>
    </ClInclude>
    <ClInclude Include="src\examples\publisher\publisher_example.h">
      <Filter>头文件</Filter>
    </ClInclude>
    <ClInclude Include="src\examples\rover_steering_control\params.h">
      <Filter>头文件</Filter>
    </ClInclude>
    <ClInclude Include="src\examples\subscriber\subscriber_example.h">
      <Filter>头文件</Filter>
    </ClInclude>
    <ClInclude Include="src\examples\subscriber\subscriber_params.h">
      <Filter>头文件</Filter>
    </ClInclude>
    <ClInclude Include="src\include\containers\List.hpp">
      <Filter>头文件</Filter>
    </ClInclude>
    <ClInclude Include="src\include\mavlink\mavlink_log.h">
      <Filter>头文件</Filter>
    </ClInclude>
    <ClInclude Include="src\include\px4.h">
      <Filter>头文件</Filter>
    </ClInclude>
    <ClInclude Include="src\include\visibility.h">
      <Filter>头文件</Filter>
    </ClInclude>
    <ClInclude Include="src\lib\conversion\rotation.h">
      <Filter>头文件</Filter>
    </ClInclude>
    <ClInclude Include="src\lib\ecl\attitude_fw\ecl_controller.h">
      <Filter>头文件</Filter>
    </ClInclude>
    <ClInclude Include="src\lib\ecl\attitude_fw\ecl_pitch_controller.h">
      <Filter>头文件</Filter>
    </ClInclude>
    <ClInclude Include="src\lib\ecl\attitude_fw\ecl_roll_controller.h">
      <Filter>头文件</Filter>
    </ClInclude>
    <ClInclude Include="src\lib\ecl\attitude_fw\ecl_yaw_controller.h">
      <Filter>头文件</Filter>
    </ClInclude>
    <ClInclude Include="src\lib\ecl\l1\ecl_l1_pos_controller.h">
      <Filter>头文件</Filter>
    </ClInclude>
    <ClInclude Include="src\lib\ecl\validation\data_validator.h">
      <Filter>头文件</Filter>
    </ClInclude>
    <ClInclude Include="src\lib\ecl\validation\data_validator_group.h">
      <Filter>头文件</Filter>
    </ClInclude>
    <ClInclude Include="src\lib\ecl\ecl.h">
      <Filter>头文件</Filter>
    </ClInclude>
    <ClInclude Include="src\lib\external_lgpl\tecs\tecs.h">
      <Filter>头文件</Filter>
    </ClInclude>
    <ClInclude Include="src\lib\geo\geo.h">
      <Filter>头文件</Filter>
    </ClInclude>
    <ClInclude Include="src\lib\geo_lookup\geo_mag_declination.h">
      <Filter>头文件</Filter>
    </ClInclude>
    <ClInclude Include="src\lib\launchdetection\CatapultLaunchMethod.h">
      <Filter>头文件</Filter>
    </ClInclude>
    <ClInclude Include="src\lib\launchdetection\LaunchDetector.h">
      <Filter>头文件</Filter>
    </ClInclude>
    <ClInclude Include="src\lib\launchdetection\LaunchMethod.h">
      <Filter>头文件</Filter>
    </ClInclude>
    <ClInclude Include="src\lib\mathlib\CMSIS\Device\ARM\ARMCM3\Include\ARMCM3.h">
      <Filter>头文件</Filter>
    </ClInclude>
    <ClInclude Include="src\lib\mathlib\CMSIS\Device\ARM\ARMCM4\Include\ARMCM4.h">
      <Filter>头文件</Filter>
    </ClInclude>
    <ClInclude Include="src\lib\mathlib\CMSIS\Include\arm_common_tables.h">
      <Filter>头文件</Filter>
    </ClInclude>
    <ClInclude Include="src\lib\mathlib\CMSIS\Include\arm_const_structs.h">
      <Filter>头文件</Filter>
    </ClInclude>
    <ClInclude Include="src\lib\mathlib\CMSIS\Include\arm_math.h">
      <Filter>头文件</Filter>
    </ClInclude>
    <ClInclude Include="src\lib\mathlib\CMSIS\Include\core_cm3.h">
      <Filter>头文件</Filter>
    </ClInclude>
    <ClInclude Include="src\lib\mathlib\CMSIS\Include\core_cm4.h">
      <Filter>头文件</Filter>
    </ClInclude>
    <ClInclude Include="src\lib\mathlib\CMSIS\Include\core_cm4_simd.h">
      <Filter>头文件</Filter>
    </ClInclude>
    <ClInclude Include="src\lib\mathlib\CMSIS\Include\core_cmFunc.h">
      <Filter>头文件</Filter>
    </ClInclude>
    <ClInclude Include="src\lib\mathlib\CMSIS\Include\core_cmInstr.h">
      <Filter>头文件</Filter>
    </ClInclude>
    <ClInclude Include="src\lib\mathlib\math\filter\LowPassFilter2p.hpp">
      <Filter>头文件</Filter>
    </ClInclude>
    <ClInclude Include="src\lib\mathlib\math\test\test.hpp">
      <Filter>头文件</Filter>
    </ClInclude>
    <ClInclude Include="src\lib\mathlib\math\Limits.hpp">
      <Filter>头文件</Filter>
    </ClInclude>
    <ClInclude Include="src\lib\mathlib\math\Matrix.hpp">
      <Filter>头文件</Filter>
    </ClInclude>
    <ClInclude Include="src\lib\mathlib\math\Quaternion.hpp">
      <Filter>头文件</Filter>
    </ClInclude>
    <ClInclude Include="src\lib\mathlib\math\Vector.hpp">
      <Filter>头文件</Filter>
    </ClInclude>
    <ClInclude Include="src\lib\mathlib\mathlib.h">
      <Filter>头文件</Filter>
    </ClInclude>
    <ClInclude Include="src\lib\rc\st24.h">
      <Filter>头文件</Filter>
    </ClInclude>
    <ClInclude Include="src\lib\rc\sumd.h">
      <Filter>头文件</Filter>
    </ClInclude>
    <ClInclude Include="src\lib\version\version.h">
      <Filter>头文件</Filter>
    </ClInclude>
    <ClInclude Include="src\lib\px4_eigen.h">
      <Filter>头文件</Filter>
    </ClInclude>
    <ClInclude Include="src\modules\attitude_estimator_ekf\codegen\AttitudeEKF.h">
      <Filter>头文件</Filter>
    </ClInclude>
    <ClInclude Include="src\modules\attitude_estimator_ekf\codegen\AttitudeEKF_types.h">
      <Filter>头文件</Filter>
    </ClInclude>
    <ClInclude Include="src\modules\attitude_estimator_ekf\codegen\rtwtypes.h">
      <Filter>头文件</Filter>
    </ClInclude>
    <ClInclude Include="src\modules\attitude_estimator_ekf\attitude_estimator_ekf_params.h">
      <Filter>头文件</Filter>
    </ClInclude>
    <ClInclude Include="src\modules\commander\commander_tests\state_machine_helper_test.h">
      <Filter>头文件</Filter>
    </ClInclude>
    <ClInclude Include="src\modules\commander\accelerometer_calibration.h">
      <Filter>头文件</Filter>
    </ClInclude>
    <ClInclude Include="src\modules\commander\airspeed_calibration.h">
      <Filter>头文件</Filter>
    </ClInclude>
    <ClInclude Include="src\modules\commander\baro_calibration.h">
      <Filter>头文件</Filter>
    </ClInclude>
    <ClInclude Include="src\modules\commander\calibration_messages.h">
      <Filter>头文件</Filter>
    </ClInclude>
    <ClInclude Include="src\modules\commander\calibration_routines.h">
      <Filter>头文件</Filter>
    </ClInclude>
    <ClInclude Include="src\modules\commander\commander_helper.h">
      <Filter>头文件</Filter>
    </ClInclude>
    <ClInclude Include="src\modules\commander\esc_calibration.h">
      <Filter>头文件</Filter>
    </ClInclude>
    <ClInclude Include="src\modules\commander\gyro_calibration.h">
      <Filter>头文件</Filter>
    </ClInclude>
    <ClInclude Include="src\modules\commander\mag_calibration.h">
      <Filter>头文件</Filter>
    </ClInclude>
    <ClInclude Include="src\modules\commander\PreflightCheck.h">
      <Filter>头文件</Filter>
    </ClInclude>
    <ClInclude Include="src\modules\commander\px4_custom_mode.h">
      <Filter>头文件</Filter>
    </ClInclude>
    <ClInclude Include="src\modules\commander\rc_calibration.h">
      <Filter>头文件</Filter>
    </ClInclude>
    <ClInclude Include="src\modules\commander\state_machine_helper.h">
      <Filter>头文件</Filter>
    </ClInclude>
    <ClInclude Include="src\modules\controllib\block\Block.hpp">
      <Filter>头文件</Filter>
    </ClInclude>
    <ClInclude Include="src\modules\controllib\block\BlockParam.hpp">
      <Filter>头文件</Filter>
    </ClInclude>
    <ClInclude Include="src\modules\controllib\uorb\blocks.hpp">
      <Filter>头文件</Filter>
    </ClInclude>
    <ClInclude Include="src\modules\controllib\blocks.hpp">
      <Filter>头文件</Filter>
    </ClInclude>
    <ClInclude Include="src\modules\dataman\dataman.h">
      <Filter>头文件</Filter>
    </ClInclude>
    <ClInclude Include="src\modules\ekf_att_pos_estimator\AttitudePositionEstimatorEKF.h">
      <Filter>头文件</Filter>
    </ClInclude>
    <ClInclude Include="src\modules\ekf_att_pos_estimator\estimator_22states.h">
      <Filter>头文件</Filter>
    </ClInclude>
    <ClInclude Include="src\modules\ekf_att_pos_estimator\estimator_utilities.h">
      <Filter>头文件</Filter>
    </ClInclude>
    <ClInclude Include="src\modules\fixedwing_backside\fixedwing.hpp">
      <Filter>头文件</Filter>
    </ClInclude>
    <ClInclude Include="src\modules\fw_pos_control_l1\mtecs\limitoverride.h">
      <Filter>头文件</Filter>
    </ClInclude>
    <ClInclude Include="src\modules\fw_pos_control_l1\mtecs\mTecs.h">
      <Filter>头文件</Filter>
    </ClInclude>
    <ClInclude Include="src\modules\fw_pos_control_l1\mtecs\mTecs_blocks.h">
      <Filter>头文件</Filter>
    </ClInclude>
    <ClInclude Include="src\modules\fw_pos_control_l1\landingslope.h">
      <Filter>头文件</Filter>
    </ClInclude>
    <ClInclude Include="src\modules\land_detector\FixedwingLandDetector.h">
      <Filter>头文件</Filter>
    </ClInclude>
    <ClInclude Include="src\modules\land_detector\LandDetector.h">
      <Filter>头文件</Filter>
    </ClInclude>
    <ClInclude Include="src\modules\land_detector\MulticopterLandDetector.h">
      <Filter>头文件</Filter>
    </ClInclude>
    <ClInclude Include="src\modules\local_position_estimator\BlockLocalPositionEstimator.hpp">
      <Filter>头文件</Filter>
    </ClInclude>
    <ClInclude Include="src\modules\mavlink\mavlink_tests\mavlink_ftp_test.h">
      <Filter>头文件</Filter>
    </ClInclude>
    <ClInclude Include="src\modules\mavlink\mavlink_bridge_header.h">
      <Filter>头文件</Filter>
    </ClInclude>
    <ClInclude Include="src\modules\mavlink\mavlink_ftp.h">
      <Filter>头文件</Filter>
    </ClInclude>
    <ClInclude Include="src\modules\mavlink\mavlink_main.h">
      <Filter>头文件</Filter>
    </ClInclude>
    <ClInclude Include="src\modules\mavlink\mavlink_messages.h">
      <Filter>头文件</Filter>
    </ClInclude>
    <ClInclude Include="src\modules\mavlink\mavlink_mission.h">
      <Filter>头文件</Filter>
    </ClInclude>
    <ClInclude Include="src\modules\mavlink\mavlink_orb_subscription.h">
      <Filter>头文件</Filter>
    </ClInclude>
    <ClInclude Include="src\modules\mavlink\mavlink_parameters.h">
      <Filter>头文件</Filter>
    </ClInclude>
    <ClInclude Include="src\modules\mavlink\mavlink_rate_limiter.h">
      <Filter>头文件</Filter>
    </ClInclude>
    <ClInclude Include="src\modules\mavlink\mavlink_receiver.h">
      <Filter>头文件</Filter>
    </ClInclude>
    <ClInclude Include="src\modules\mavlink\mavlink_stream.h">
      <Filter>头文件</Filter>
    </ClInclude>
    <ClInclude Include="src\modules\mc_att_control_multiplatform\mc_att_control.h">
      <Filter>头文件</Filter>
    </ClInclude>
    <ClInclude Include="src\modules\mc_att_control_multiplatform\mc_att_control_base.h">
      <Filter>头文件</Filter>
    </ClInclude>
    <ClInclude Include="src\modules\mc_att_control_multiplatform\mc_att_control_params.h">
      <Filter>头文件</Filter>
    </ClInclude>
    <ClInclude Include="src\modules\mc_att_control_multiplatform\mc_att_control_sim.h">
      <Filter>头文件</Filter>
    </ClInclude>
    <ClInclude Include="src\modules\mc_pos_control_multiplatform\mc_pos_control.h">
      <Filter>头文件</Filter>
    </ClInclude>
    <ClInclude Include="src\modules\mc_pos_control_multiplatform\mc_pos_control_params.h">
      <Filter>头文件</Filter>
    </ClInclude>
    <ClInclude Include="src\modules\muorb\adsp\px4muorb.hpp">
      <Filter>头文件</Filter>
    </ClInclude>
    <ClInclude Include="src\modules\muorb\adsp\uORBFastRpcChannel.hpp">
      <Filter>头文件</Filter>
    </ClInclude>
    <ClInclude Include="src\modules\muorb\krait\uORBKraitFastRpcChannel.hpp">
      <Filter>头文件</Filter>
    </ClInclude>
    <ClInclude Include="src\modules\muorb\krait-stubs\px4muorb_KraitRpcWrapper.hpp">
      <Filter>头文件</Filter>
    </ClInclude>
    <ClInclude Include="src\modules\navigator\datalinkloss.h">
      <Filter>头文件</Filter>
    </ClInclude>
    <ClInclude Include="src\modules\navigator\enginefailure.h">
      <Filter>头文件</Filter>
    </ClInclude>
    <ClInclude Include="src\modules\navigator\geofence.h">
      <Filter>头文件</Filter>
    </ClInclude>
    <ClInclude Include="src\modules\navigator\gpsfailure.h">
      <Filter>头文件</Filter>
    </ClInclude>
    <ClInclude Include="src\modules\navigator\loiter.h">
      <Filter>头文件</Filter>
    </ClInclude>
    <ClInclude Include="src\modules\navigator\mission.h">
      <Filter>头文件</Filter>
    </ClInclude>
    <ClInclude Include="src\modules\navigator\mission_block.h">
      <Filter>头文件</Filter>
    </ClInclude>
    <ClInclude Include="src\modules\navigator\mission_feasibility_checker.h">
      <Filter>头文件</Filter>
    </ClInclude>
    <ClInclude Include="src\modules\navigator\navigation.h">
      <Filter>头文件</Filter>
    </ClInclude>
    <ClInclude Include="src\modules\navigator\navigator.h">
      <Filter>头文件</Filter>
    </ClInclude>
    <ClInclude Include="src\modules\navigator\navigator_mode.h">
      <Filter>头文件</Filter>
    </ClInclude>
    <ClInclude Include="src\modules\navigator\rcloss.h">
      <Filter>头文件</Filter>
    </ClInclude>
    <ClInclude Include="src\modules\navigator\rtl.h">
      <Filter>头文件</Filter>
    </ClInclude>
    <ClInclude Include="src\modules\position_estimator_inav\inertial_filter.h">
      <Filter>头文件</Filter>
    </ClInclude>
    <ClInclude Include="src\modules\position_estimator_inav\position_estimator_inav_params.h">
      <Filter>头文件</Filter>
    </ClInclude>
    <ClInclude Include="src\modules\px4iofirmware\protocol.h">
      <Filter>头文件</Filter>
    </ClInclude>
    <ClInclude Include="src\modules\px4iofirmware\px4io.h">
      <Filter>头文件</Filter>
    </ClInclude>
    <ClInclude Include="src\modules\sdlog2\logbuffer.h">
      <Filter>头文件</Filter>
    </ClInclude>
    <ClInclude Include="src\modules\sdlog2\sdlog2_format.h">
      <Filter>头文件</Filter>
    </ClInclude>
    <ClInclude Include="src\modules\sdlog2\sdlog2_messages.h">
      <Filter>头文件</Filter>
    </ClInclude>
    <ClInclude Include="src\modules\segway\BlockSegwayController.hpp">
      <Filter>头文件</Filter>
    </ClInclude>
    <ClInclude Include="src\modules\simulator\simulator.h">
      <Filter>头文件</Filter>
    </ClInclude>
    <ClInclude Include="src\modules\systemlib\bson\tinybson.h">
      <Filter>头文件</Filter>
    </ClInclude>
    <ClInclude Include="src\modules\systemlib\mixer\mixer.h">
      <Filter>头文件</Filter>
    </ClInclude>
    <ClInclude Include="src\modules\systemlib\mixer\mixer_load.h">
      <Filter>头文件</Filter>
    </ClInclude>
    <ClInclude Include="src\modules\systemlib\param\param.h">
      <Filter>头文件</Filter>
    </ClInclude>
    <ClInclude Include="src\modules\systemlib\pid\pid.h">
      <Filter>头文件</Filter>
    </ClInclude>
    <ClInclude Include="src\modules\systemlib\pwm_limit\pwm_limit.h">
      <Filter>头文件</Filter>
    </ClInclude>
    <ClInclude Include="src\modules\systemlib\uthash\utarray.h">
      <Filter>头文件</Filter>
    </ClInclude>
    <ClInclude Include="src\modules\systemlib\uthash\uthash.h">
      <Filter>头文件</Filter>
    </ClInclude>
    <ClInclude Include="src\modules\systemlib\uthash\utlist.h">
      <Filter>头文件</Filter>
    </ClInclude>
    <ClInclude Include="src\modules\systemlib\uthash\utstring.h">
      <Filter>头文件</Filter>
    </ClInclude>
    <ClInclude Include="src\modules\systemlib\airspeed.h">
      <Filter>头文件</Filter>
    </ClInclude>
    <ClInclude Include="src\modules\systemlib\board_serial.h">
      <Filter>头文件</Filter>
    </ClInclude>
    <ClInclude Include="src\modules\systemlib\circuit_breaker.h">
      <Filter>头文件</Filter>
    </ClInclude>
    <ClInclude Include="src\modules\systemlib\conversions.h">
      <Filter>头文件</Filter>
    </ClInclude>
    <ClInclude Include="src\modules\systemlib\cpuload.h">
      <Filter>头文件</Filter>
    </ClInclude>
    <ClInclude Include="src\modules\systemlib\err.h">
      <Filter>头文件</Filter>
    </ClInclude>
    <ClInclude Include="src\modules\systemlib\getopt_long.h">
      <Filter>头文件</Filter>
    </ClInclude>
    <ClInclude Include="src\modules\systemlib\git_version.h">
      <Filter>头文件</Filter>
    </ClInclude>
    <ClInclude Include="src\modules\systemlib\hx_stream.h">
      <Filter>头文件</Filter>
    </ClInclude>
    <ClInclude Include="src\modules\systemlib\mcu_version.h">
      <Filter>头文件</Filter>
    </ClInclude>
    <ClInclude Include="src\modules\systemlib\otp.h">
      <Filter>头文件</Filter>
    </ClInclude>
    <ClInclude Include="src\modules\systemlib\perf_counter.h">
      <Filter>头文件</Filter>
    </ClInclude>
    <ClInclude Include="src\modules\systemlib\ppm_decode.h">
      <Filter>头文件</Filter>
    </ClInclude>
    <ClInclude Include="src\modules\systemlib\printload.h">
      <Filter>头文件</Filter>
    </ClInclude>
    <ClInclude Include="src\modules\systemlib\rc_check.h">
      <Filter>头文件</Filter>
    </ClInclude>
    <ClInclude Include="src\modules\systemlib\scheduling_priorities.h">
      <Filter>头文件</Filter>
    </ClInclude>
    <ClInclude Include="src\modules\systemlib\state_table.h">
      <Filter>头文件</Filter>
    </ClInclude>
    <ClInclude Include="src\modules\systemlib\systemlib.h">
      <Filter>头文件</Filter>
    </ClInclude>
    <ClInclude Include="src\modules\systemlib\visibility.h">
      <Filter>头文件</Filter>
    </ClInclude>
    <ClInclude Include="src\modules\uavcan\actuators\esc.hpp">
      <Filter>头文件</Filter>
    </ClInclude>
    <ClInclude Include="src\modules\uavcan\sensors\baro.hpp">
      <Filter>头文件</Filter>
    </ClInclude>
    <ClInclude Include="src\modules\uavcan\sensors\gnss.hpp">
      <Filter>头文件</Filter>
    </ClInclude>
    <ClInclude Include="src\modules\uavcan\sensors\mag.hpp">
      <Filter>头文件</Filter>
    </ClInclude>
    <ClInclude Include="src\modules\uavcan\sensors\sensor_bridge.hpp">
      <Filter>头文件</Filter>
    </ClInclude>
    <ClInclude Include="src\modules\uavcan\uavcan_main.hpp">
      <Filter>头文件</Filter>
    </ClInclude>
    <ClInclude Include="src\modules\uavcan\uavcan_servers.hpp">
      <Filter>头文件</Filter>
    </ClInclude>
    <ClInclude Include="src\modules\uavcan\uavcan_virtual_can_driver.hpp">
      <Filter>头文件</Filter>
    </ClInclude>
    <ClInclude Include="src\modules\unit_test\unit_test.h">
      <Filter>头文件</Filter>
    </ClInclude>
    <ClInclude Include="src\modules\uORB\ORBMap.hpp">
      <Filter>头文件</Filter>
    </ClInclude>
    <ClInclude Include="src\modules\uORB\ORBSet.hpp">
      <Filter>头文件</Filter>
    </ClInclude>
    <ClInclude Include="src\modules\uORB\Publication.hpp">
      <Filter>头文件</Filter>
    </ClInclude>
    <ClInclude Include="src\modules\uORB\Subscription.hpp">
      <Filter>头文件</Filter>
    </ClInclude>
    <ClInclude Include="src\modules\uORB\uORB.h">
      <Filter>头文件</Filter>
    </ClInclude>
    <ClInclude Include="src\modules\uORB\uORBCommon.hpp">
      <Filter>头文件</Filter>
    </ClInclude>
    <ClInclude Include="src\modules\uORB\uORBCommunicator.hpp">
      <Filter>头文件</Filter>
    </ClInclude>
    <ClInclude Include="src\modules\uORB\uORBDevices.hpp">
      <Filter>头文件</Filter>
    </ClInclude>
    <ClInclude Include="src\modules\uORB\uORBDevices_nuttx.hpp">
      <Filter>头文件</Filter>
    </ClInclude>
    <ClInclude Include="src\modules\uORB\uORBDevices_posix.hpp">
      <Filter>头文件</Filter>
    </ClInclude>
    <ClInclude Include="src\modules\uORB\uORBManager.hpp">
      <Filter>头文件</Filter>
    </ClInclude>
    <ClInclude Include="src\modules\uORB\uORBTest_UnitTest.hpp">
      <Filter>头文件</Filter>
    </ClInclude>
    <ClInclude Include="src\modules\uORB\uORBUtils.hpp">
      <Filter>头文件</Filter>
    </ClInclude>
    <ClInclude Include="src\modules\vtol_att_control\standard.h">
      <Filter>头文件</Filter>
    </ClInclude>
    <ClInclude Include="src\modules\vtol_att_control\tailsitter.h">
      <Filter>头文件</Filter>
    </ClInclude>
    <ClInclude Include="src\modules\vtol_att_control\tiltrotor.h">
      <Filter>头文件</Filter>
    </ClInclude>
    <ClInclude Include="src\modules\vtol_att_control\vtol_att_control_main.h">
      <Filter>头文件</Filter>
    </ClInclude>
    <ClInclude Include="src\modules\vtol_att_control\vtol_type.h">
      <Filter>头文件</Filter>
    </ClInclude>
    <ClInclude Include="src\platforms\posix\drivers\airspeedsim\airspeedsim.h">
      <Filter>头文件</Filter>
    </ClInclude>
    <ClInclude Include="src\platforms\posix\drivers\barosim\barosim.h">
      <Filter>头文件</Filter>
    </ClInclude>
    <ClInclude Include="src\platforms\posix\drivers\gpssim\ubx_sim.h">
      <Filter>头文件</Filter>
    </ClInclude>
    <ClInclude Include="src\platforms\posix\include\arch\board\board.h">
      <Filter>头文件</Filter>
    </ClInclude>
    <ClInclude Include="src\platforms\posix\include\board_config.h">
      <Filter>头文件</Filter>
    </ClInclude>
    <ClInclude Include="src\platforms\posix\include\crc32.h">
      <Filter>头文件</Filter>
    </ClInclude>
    <ClInclude Include="src\platforms\posix\include\hrt_work.h">
      <Filter>头文件</Filter>
    </ClInclude>
    <ClInclude Include="src\platforms\posix\include\px4_platform_types.h">
      <Filter>头文件</Filter>
    </ClInclude>
    <ClInclude Include="src\platforms\posix\include\queue.h">
      <Filter>头文件</Filter>
    </ClInclude>
    <ClInclude Include="src\platforms\posix\tests\hello\hello_example.h">
      <Filter>头文件</Filter>
    </ClInclude>
    <ClInclude Include="src\platforms\posix\tests\hrt_test\hrt_test.h">
      <Filter>头文件</Filter>
    </ClInclude>
    <ClInclude Include="src\platforms\posix\tests\muorb\muorb_test_example.h">
      <Filter>头文件</Filter>
    </ClInclude>
    <ClInclude Include="src\platforms\posix\tests\vcdev_test\vcdevtest_example.h">
      <Filter>头文件</Filter>
    </ClInclude>
    <ClInclude Include="src\platforms\posix\tests\wqueue\wqueue_test.h">
      <Filter>头文件</Filter>
    </ClInclude>
    <ClInclude Include="src\platforms\posix\work_queue\work_lock.h">
      <Filter>头文件</Filter>
    </ClInclude>
    <ClInclude Include="src\platforms\qurt\include\arch\board\board.h">
      <Filter>头文件</Filter>
    </ClInclude>
    <ClInclude Include="src\platforms\qurt\include\sys\ioctl.h">
      <Filter>头文件</Filter>
    </ClInclude>
    <ClInclude Include="src\platforms\qurt\include\board_config.h">
      <Filter>头文件</Filter>
    </ClInclude>
    <ClInclude Include="src\platforms\qurt\include\crc32.h">
      <Filter>头文件</Filter>
    </ClInclude>
    <ClInclude Include="src\platforms\qurt\include\hrt_work.h">
      <Filter>头文件</Filter>
    </ClInclude>
    <ClInclude Include="src\platforms\qurt\include\i2c.h">
      <Filter>头文件</Filter>
    </ClInclude>
    <ClInclude Include="src\platforms\qurt\include\poll.h">
      <Filter>头文件</Filter>
    </ClInclude>
    <ClInclude Include="src\platforms\qurt\include\queue.h">
      <Filter>头文件</Filter>
    </ClInclude>
    <ClInclude Include="src\platforms\qurt\include\qurt_log.h">
      <Filter>头文件</Filter>
    </ClInclude>
    <ClInclude Include="src\platforms\qurt\include\sched.h">
      <Filter>头文件</Filter>
    </ClInclude>
    <ClInclude Include="src\platforms\qurt\tests\hello\hello_example.h">
      <Filter>头文件</Filter>
    </ClInclude>
    <ClInclude Include="src\platforms\qurt\tests\muorb\muorb_test_example.h">
      <Filter>头文件</Filter>
    </ClInclude>
    <ClInclude Include="src\platforms\ros\nodes\attitude_estimator\attitude_estimator.h">
      <Filter>头文件</Filter>
    </ClInclude>
    <ClInclude Include="src\platforms\ros\nodes\commander\commander.h">
      <Filter>头文件</Filter>
    </ClInclude>
    <ClInclude Include="src\platforms\ros\nodes\demo_offboard_attitude_setpoints\demo_offboard_attitude_setpoints.h">
      <Filter>头文件</Filter>
    </ClInclude>
    <ClInclude Include="src\platforms\ros\nodes\demo_offboard_position_setpoints\demo_offboard_position_setpoints.h">
      <Filter>头文件</Filter>
    </ClInclude>
    <ClInclude Include="src\platforms\ros\nodes\manual_input\manual_input.h">
      <Filter>头文件</Filter>
    </ClInclude>
    <ClInclude Include="src\platforms\ros\nodes\mavlink\mavlink.h">
      <Filter>头文件</Filter>
    </ClInclude>
    <ClInclude Include="src\platforms\ros\nodes\position_estimator\position_estimator.h">
      <Filter>头文件</Filter>
    </ClInclude>
    <ClInclude Include="src\platforms\ros\eigen_math.h">
      <Filter>头文件</Filter>
    </ClInclude>
    <ClInclude Include="src\platforms\px4_adc.h">
      <Filter>头文件</Filter>
    </ClInclude>
    <ClInclude Include="src\platforms\px4_app.h">
      <Filter>头文件</Filter>
    </ClInclude>
    <ClInclude Include="src\platforms\px4_common.h">
      <Filter>头文件</Filter>
    </ClInclude>
    <ClInclude Include="src\platforms\px4_config.h">
      <Filter>头文件</Filter>
    </ClInclude>
    <ClInclude Include="src\platforms\px4_defines.h">
      <Filter>头文件</Filter>
    </ClInclude>
    <ClInclude Include="src\platforms\px4_getopt.h">
      <Filter>头文件</Filter>
    </ClInclude>
    <ClInclude Include="src\platforms\px4_i2c.h">
      <Filter>头文件</Filter>
    </ClInclude>
    <ClInclude Include="src\platforms\px4_includes.h">
      <Filter>头文件</Filter>
    </ClInclude>
    <ClInclude Include="src\platforms\px4_log.h">
      <Filter>头文件</Filter>
    </ClInclude>
    <ClInclude Include="src\platforms\px4_message.h">
      <Filter>头文件</Filter>
    </ClInclude>
    <ClInclude Include="src\platforms\px4_middleware.h">
      <Filter>头文件</Filter>
    </ClInclude>
    <ClInclude Include="src\platforms\px4_nodehandle.h">
      <Filter>头文件</Filter>
    </ClInclude>
    <ClInclude Include="src\platforms\px4_parameter.h">
      <Filter>头文件</Filter>
    </ClInclude>
    <ClInclude Include="src\platforms\px4_posix.h">
      <Filter>头文件</Filter>
    </ClInclude>
    <ClInclude Include="src\platforms\px4_publisher.h">
      <Filter>头文件</Filter>
    </ClInclude>
    <ClInclude Include="src\platforms\px4_spi.h">
      <Filter>头文件</Filter>
    </ClInclude>
    <ClInclude Include="src\platforms\px4_subscriber.h">
      <Filter>头文件</Filter>
    </ClInclude>
    <ClInclude Include="src\platforms\px4_tasks.h">
      <Filter>头文件</Filter>
    </ClInclude>
    <ClInclude Include="src\platforms\px4_time.h">
      <Filter>头文件</Filter>
    </ClInclude>
    <ClInclude Include="src\platforms\px4_workqueue.h">
      <Filter>头文件</Filter>
    </ClInclude>
    <ClInclude Include="src\systemcmds\tests\tests.h">
      <Filter>头文件</Filter>
    </ClInclude>
  </ItemGroup>
  <ItemGroup>
    <ClCompile Include="src\drivers\airspeed\airspeed.cpp">
      <Filter>源文件</Filter>
    </ClCompile>
    <ClCompile Include="src\drivers\ardrone_interface\ardrone_interface.c">
      <Filter>源文件</Filter>
    </ClCompile>
    <ClCompile Include="src\drivers\ardrone_interface\ardrone_motor_control.c">
      <Filter>源文件</Filter>
    </ClCompile>
    <ClCompile Include="src\drivers\batt_smbus\batt_smbus.cpp">
      <Filter>源文件</Filter>
    </ClCompile>
    <ClCompile Include="src\drivers\blinkm\blinkm.cpp">
      <Filter>源文件</Filter>
    </ClCompile>
    <ClCompile Include="src\drivers\bma180\bma180.cpp">
      <Filter>源文件</Filter>
    </ClCompile>
    <ClCompile Include="src\drivers\boards\aerocore\aerocore_init.c">
      <Filter>源文件</Filter>
    </ClCompile>
    <ClCompile Include="src\drivers\boards\aerocore\aerocore_led.c">
      <Filter>源文件</Filter>
    </ClCompile>
    <ClCompile Include="src\drivers\boards\aerocore\aerocore_pwm_servo.c">
      <Filter>源文件</Filter>
    </ClCompile>
    <ClCompile Include="src\drivers\boards\aerocore\aerocore_spi.c">
      <Filter>源文件</Filter>
    </ClCompile>
    <ClCompile Include="src\drivers\boards\px4fmu-v1\px4fmu_can.c">
      <Filter>源文件</Filter>
    </ClCompile>
    <ClCompile Include="src\drivers\boards\px4fmu-v1\px4fmu_init.c">
      <Filter>源文件</Filter>
    </ClCompile>
    <ClCompile Include="src\drivers\boards\px4fmu-v1\px4fmu_led.c">
      <Filter>源文件</Filter>
    </ClCompile>
    <ClCompile Include="src\drivers\boards\px4fmu-v1\px4fmu_pwm_servo.c">
      <Filter>源文件</Filter>
    </ClCompile>
    <ClCompile Include="src\drivers\boards\px4fmu-v1\px4fmu_spi.c">
      <Filter>源文件</Filter>
    </ClCompile>
    <ClCompile Include="src\drivers\boards\px4fmu-v1\px4fmu_usb.c">
      <Filter>源文件</Filter>
    </ClCompile>
    <ClCompile Include="src\drivers\boards\px4fmu-v2\px4fmu_can.c">
      <Filter>源文件</Filter>
    </ClCompile>
    <ClCompile Include="src\drivers\boards\px4fmu-v2\px4fmu_pwm_servo.c">
      <Filter>源文件</Filter>
    </ClCompile>
    <ClCompile Include="src\drivers\boards\px4fmu-v2\px4fmu_spi.c">
      <Filter>源文件</Filter>
    </ClCompile>
    <ClCompile Include="src\drivers\boards\px4fmu-v2\px4fmu_usb.c">
      <Filter>源文件</Filter>
    </ClCompile>
    <ClCompile Include="src\drivers\boards\px4fmu-v2\px4fmu2_init.c">
      <Filter>源文件</Filter>
    </ClCompile>
    <ClCompile Include="src\drivers\boards\px4fmu-v2\px4fmu2_led.c">
      <Filter>源文件</Filter>
    </ClCompile>
    <ClCompile Include="src\drivers\boards\px4io-v1\px4io_init.c">
      <Filter>源文件</Filter>
    </ClCompile>
    <ClCompile Include="src\drivers\boards\px4io-v1\px4io_pwm_servo.c">
      <Filter>源文件</Filter>
    </ClCompile>
    <ClCompile Include="src\drivers\boards\px4io-v2\px4io_init.c">
      <Filter>源文件</Filter>
    </ClCompile>
    <ClCompile Include="src\drivers\boards\px4io-v2\px4io_pwm_servo.c">
      <Filter>源文件</Filter>
    </ClCompile>
    <ClCompile Include="src\drivers\boards\px4-stm32f4discovery\px4discovery_init.c">
      <Filter>源文件</Filter>
    </ClCompile>
    <ClCompile Include="src\drivers\boards\px4-stm32f4discovery\px4discovery_led.c">
      <Filter>源文件</Filter>
    </ClCompile>
    <ClCompile Include="src\drivers\boards\px4-stm32f4discovery\px4discovery_usb.c">
      <Filter>源文件</Filter>
    </ClCompile>
    <ClCompile Include="src\drivers\boards\sitl\sitl_led.c">
      <Filter>源文件</Filter>
    </ClCompile>
    <ClCompile Include="src\drivers\camera_trigger\camera_trigger.cpp">
      <Filter>源文件</Filter>
    </ClCompile>
    <ClCompile Include="src\drivers\camera_trigger\camera_trigger_params.c">
      <Filter>源文件</Filter>
    </ClCompile>
    <ClCompile Include="src\drivers\device\cdev.cpp">
      <Filter>源文件</Filter>
    </ClCompile>
    <ClCompile Include="src\drivers\device\device_nuttx.cpp">
      <Filter>源文件</Filter>
    </ClCompile>
    <ClCompile Include="src\drivers\device\device_posix.cpp">
      <Filter>源文件</Filter>
    </ClCompile>
    <ClCompile Include="src\drivers\device\i2c_nuttx.cpp">
      <Filter>源文件</Filter>
    </ClCompile>
    <ClCompile Include="src\drivers\device\i2c_posix.cpp">
      <Filter>源文件</Filter>
    </ClCompile>
    <ClCompile Include="src\drivers\device\integrator.cpp">
      <Filter>源文件</Filter>
    </ClCompile>
    <ClCompile Include="src\drivers\device\pio.cpp">
      <Filter>源文件</Filter>
    </ClCompile>
    <ClCompile Include="src\drivers\device\ringbuffer.cpp">
      <Filter>源文件</Filter>
    </ClCompile>
    <ClCompile Include="src\drivers\device\sim.cpp">
      <Filter>源文件</Filter>
    </ClCompile>
    <ClCompile Include="src\drivers\device\spi.cpp">
      <Filter>源文件</Filter>
    </ClCompile>
    <ClCompile Include="src\drivers\device\vdev.cpp">
      <Filter>源文件</Filter>
    </ClCompile>
    <ClCompile Include="src\drivers\device\vdev_posix.cpp">
      <Filter>源文件</Filter>
    </ClCompile>
    <ClCompile Include="src\drivers\device\vfile.cpp">
      <Filter>源文件</Filter>
    </ClCompile>
    <ClCompile Include="src\drivers\ets_airspeed\ets_airspeed.cpp">
      <Filter>源文件</Filter>
    </ClCompile>
    <ClCompile Include="src\drivers\frsky_telemetry\frsky_data.c">
      <Filter>源文件</Filter>
    </ClCompile>
    <ClCompile Include="src\drivers\frsky_telemetry\frsky_telemetry.c">
      <Filter>源文件</Filter>
    </ClCompile>
    <ClCompile Include="src\drivers\gimbal\gimbal.cpp">
      <Filter>源文件</Filter>
    </ClCompile>
    <ClCompile Include="src\drivers\gps\ashtech.cpp">
      <Filter>源文件</Filter>
    </ClCompile>
    <ClCompile Include="src\drivers\gps\gps.cpp">
      <Filter>源文件</Filter>
    </ClCompile>
    <ClCompile Include="src\drivers\gps\gps_helper.cpp">
      <Filter>源文件</Filter>
    </ClCompile>
    <ClCompile Include="src\drivers\gps\mtk.cpp">
      <Filter>源文件</Filter>
    </ClCompile>
    <ClCompile Include="src\drivers\gps\ubx.cpp">
      <Filter>源文件</Filter>
    </ClCompile>
    <ClCompile Include="src\drivers\hmc5883\hmc5883.cpp">
      <Filter>源文件</Filter>
    </ClCompile>
    <ClCompile Include="src\drivers\hmc5883\hmc5883_i2c.cpp">
      <Filter>源文件</Filter>
    </ClCompile>
    <ClCompile Include="src\drivers\hmc5883\hmc5883_spi.cpp">
      <Filter>源文件</Filter>
    </ClCompile>
    <ClCompile Include="src\drivers\hott\hott_sensors\hott_sensors.cpp">
      <Filter>源文件</Filter>
    </ClCompile>
    <ClCompile Include="src\drivers\hott\hott_telemetry\hott_telemetry.cpp">
      <Filter>源文件</Filter>
    </ClCompile>
    <ClCompile Include="src\drivers\hott\comms.cpp">
      <Filter>源文件</Filter>
    </ClCompile>
    <ClCompile Include="src\drivers\hott\messages.cpp">
      <Filter>源文件</Filter>
    </ClCompile>
    <ClCompile Include="src\drivers\irlock\irlock.cpp">
      <Filter>源文件</Filter>
    </ClCompile>
    <ClCompile Include="src\drivers\l3gd20\l3gd20.cpp">
      <Filter>源文件</Filter>
    </ClCompile>
    <ClCompile Include="src\drivers\led\led.cpp">
      <Filter>源文件</Filter>
    </ClCompile>
    <ClCompile Include="src\drivers\ll40ls\LidarLite.cpp">
      <Filter>源文件</Filter>
    </ClCompile>
    <ClCompile Include="src\drivers\ll40ls\LidarLiteI2C.cpp">
      <Filter>源文件</Filter>
    </ClCompile>
    <ClCompile Include="src\drivers\ll40ls\LidarLitePWM.cpp">
      <Filter>源文件</Filter>
    </ClCompile>
    <ClCompile Include="src\drivers\ll40ls\ll40ls.cpp">
      <Filter>源文件</Filter>
    </ClCompile>
    <ClCompile Include="src\drivers\lsm303d\lsm303d.cpp">
      <Filter>源文件</Filter>
    </ClCompile>
    <ClCompile Include="src\drivers\mb12xx\mb12xx.cpp">
      <Filter>源文件</Filter>
    </ClCompile>
    <ClCompile Include="src\drivers\md25\BlockSysIdent.cpp">
      <Filter>源文件</Filter>
    </ClCompile>
    <ClCompile Include="src\drivers\md25\md25.cpp">
      <Filter>源文件</Filter>
    </ClCompile>
    <ClCompile Include="src\drivers\md25\md25_main.cpp">
      <Filter>源文件</Filter>
    </ClCompile>
    <ClCompile Include="src\drivers\meas_airspeed\meas_airspeed.cpp">
      <Filter>源文件</Filter>
    </ClCompile>
    <ClCompile Include="src\drivers\mkblctrl\mkblctrl.cpp">
      <Filter>源文件</Filter>
    </ClCompile>
    <ClCompile Include="src\drivers\mkblctrl\mkblctrl_params.c">
      <Filter>源文件</Filter>
    </ClCompile>
    <ClCompile Include="src\drivers\mpu6000\mpu6000.cpp">
      <Filter>源文件</Filter>
    </ClCompile>
    <ClCompile Include="src\drivers\mpu9250\mpu9250.cpp">
      <Filter>源文件</Filter>
    </ClCompile>
    <ClCompile Include="src\drivers\ms5611\ms5611_i2c.cpp">
      <Filter>源文件</Filter>
    </ClCompile>
    <ClCompile Include="src\drivers\ms5611\ms5611_nuttx.cpp">
      <Filter>源文件</Filter>
    </ClCompile>
    <ClCompile Include="src\drivers\ms5611\ms5611_posix.cpp">
      <Filter>源文件</Filter>
    </ClCompile>
    <ClCompile Include="src\drivers\ms5611\ms5611_sim.cpp">
      <Filter>源文件</Filter>
    </ClCompile>
    <ClCompile Include="src\drivers\ms5611\ms5611_spi.cpp">
      <Filter>源文件</Filter>
    </ClCompile>
    <ClCompile Include="src\drivers\oreoled\oreoled.cpp">
      <Filter>源文件</Filter>
    </ClCompile>
    <ClCompile Include="src\drivers\pca8574\pca8574.cpp">
      <Filter>源文件</Filter>
    </ClCompile>
    <ClCompile Include="src\drivers\pca9685\pca9685.cpp">
      <Filter>源文件</Filter>
    </ClCompile>
    <ClCompile Include="src\drivers\pwm_input\pwm_input.cpp">
      <Filter>源文件</Filter>
    </ClCompile>
    <ClCompile Include="src\drivers\pwm_out_sim\pwm_out_sim.cpp">
      <Filter>源文件</Filter>
    </ClCompile>
    <ClCompile Include="src\drivers\px4flow\px4flow.cpp">
      <Filter>源文件</Filter>
    </ClCompile>
    <ClCompile Include="src\drivers\px4fmu\fmu.cpp">
      <Filter>源文件</Filter>
    </ClCompile>
    <ClCompile Include="src\drivers\px4fmu\px4fmu_params.c">
      <Filter>源文件</Filter>
    </ClCompile>
    <ClCompile Include="src\drivers\px4io\px4io.cpp">
      <Filter>源文件</Filter>
    </ClCompile>
    <ClCompile Include="src\drivers\px4io\px4io_i2c.cpp">
      <Filter>源文件</Filter>
    </ClCompile>
    <ClCompile Include="src\drivers\px4io\px4io_params.c">
      <Filter>源文件</Filter>
    </ClCompile>
    <ClCompile Include="src\drivers\px4io\px4io_serial.cpp">
      <Filter>源文件</Filter>
    </ClCompile>
    <ClCompile Include="src\drivers\px4io\px4io_uploader.cpp">
      <Filter>源文件</Filter>
    </ClCompile>
    <ClCompile Include="src\drivers\rgbled\rgbled.cpp">
      <Filter>源文件</Filter>
    </ClCompile>
    <ClCompile Include="src\drivers\rgbled\rgbled_params.c">
      <Filter>源文件</Filter>
    </ClCompile>
    <ClCompile Include="src\drivers\roboclaw\RoboClaw.cpp">
      <Filter>源文件</Filter>
    </ClCompile>
    <ClCompile Include="src\drivers\roboclaw\roboclaw_main.cpp">
      <Filter>源文件</Filter>
    </ClCompile>
    <ClCompile Include="src\drivers\sf0x\sf0x.cpp">
      <Filter>源文件</Filter>
    </ClCompile>
    <ClCompile Include="src\drivers\sf0x\sf0x_parser.cpp">
      <Filter>源文件</Filter>
    </ClCompile>
    <ClCompile Include="src\drivers\srf02\srf02.cpp">
      <Filter>源文件</Filter>
    </ClCompile>
    <ClCompile Include="src\drivers\stm32\adc\adc.cpp">
      <Filter>源文件</Filter>
    </ClCompile>
    <ClCompile Include="src\drivers\stm32\tone_alarm\tone_alarm.cpp">
      <Filter>源文件</Filter>
    </ClCompile>
    <ClCompile Include="src\drivers\stm32\drv_hrt.c">
      <Filter>源文件</Filter>
    </ClCompile>
    <ClCompile Include="src\drivers\stm32\drv_pwm_servo.c">
      <Filter>源文件</Filter>
    </ClCompile>
    <ClCompile Include="src\drivers\trone\trone.cpp">
      <Filter>源文件</Filter>
    </ClCompile>
    <ClCompile Include="src\examples\fixedwing_control\main.c">
      <Filter>源文件</Filter>
    </ClCompile>
    <ClCompile Include="src\examples\fixedwing_control\params.c">
      <Filter>源文件</Filter>
    </ClCompile>
    <ClCompile Include="src\examples\hwtest\hwtest.c">
      <Filter>源文件</Filter>
    </ClCompile>
    <ClCompile Include="src\examples\matlab_csv_serial\matlab_csv_serial.c">
      <Filter>源文件</Filter>
    </ClCompile>
    <ClCompile Include="src\examples\publisher\publisher_example.cpp">
      <Filter>源文件</Filter>
    </ClCompile>
    <ClCompile Include="src\examples\publisher\publisher_main.cpp">
      <Filter>源文件</Filter>
    </ClCompile>
    <ClCompile Include="src\examples\publisher\publisher_start_nuttx.cpp">
      <Filter>源文件</Filter>
    </ClCompile>
    <ClCompile Include="src\examples\px4_daemon_app\px4_daemon_app.c">
      <Filter>源文件</Filter>
    </ClCompile>
    <ClCompile Include="src\examples\px4_mavlink_debug\px4_mavlink_debug.c">
      <Filter>源文件</Filter>
    </ClCompile>
    <ClCompile Include="src\examples\px4_simple_app\px4_simple_app.c">
      <Filter>源文件</Filter>
    </ClCompile>
    <ClCompile Include="src\examples\rover_steering_control\main.cpp">
      <Filter>源文件</Filter>
    </ClCompile>
    <ClCompile Include="src\examples\rover_steering_control\params.c">
      <Filter>源文件</Filter>
    </ClCompile>
    <ClCompile Include="src\examples\subscriber\subscriber_example.cpp">
      <Filter>源文件</Filter>
    </ClCompile>
    <ClCompile Include="src\examples\subscriber\subscriber_main.cpp">
      <Filter>源文件</Filter>
    </ClCompile>
    <ClCompile Include="src\examples\subscriber\subscriber_params.c">
      <Filter>源文件</Filter>
    </ClCompile>
    <ClCompile Include="src\examples\subscriber\subscriber_start_nuttx.cpp">
      <Filter>源文件</Filter>
    </ClCompile>
    <ClCompile Include="src\lib\conversion\rotation.cpp">
      <Filter>源文件</Filter>
    </ClCompile>
    <ClCompile Include="src\lib\ecl\attitude_fw\ecl_controller.cpp">
      <Filter>源文件</Filter>
    </ClCompile>
    <ClCompile Include="src\lib\ecl\attitude_fw\ecl_pitch_controller.cpp">
      <Filter>源文件</Filter>
    </ClCompile>
    <ClCompile Include="src\lib\ecl\attitude_fw\ecl_roll_controller.cpp">
      <Filter>源文件</Filter>
    </ClCompile>
    <ClCompile Include="src\lib\ecl\attitude_fw\ecl_yaw_controller.cpp">
      <Filter>源文件</Filter>
    </ClCompile>
    <ClCompile Include="src\lib\ecl\l1\ecl_l1_pos_controller.cpp">
      <Filter>源文件</Filter>
    </ClCompile>
    <ClCompile Include="src\lib\ecl\validation\data_validator.cpp">
      <Filter>源文件</Filter>
    </ClCompile>
    <ClCompile Include="src\lib\ecl\validation\data_validator_group.cpp">
      <Filter>源文件</Filter>
    </ClCompile>
    <ClCompile Include="src\lib\external_lgpl\tecs\tecs.cpp">
      <Filter>源文件</Filter>
    </ClCompile>
    <ClCompile Include="src\lib\geo\geo.c">
      <Filter>源文件</Filter>
    </ClCompile>
    <ClCompile Include="src\lib\geo_lookup\geo_mag_declination.c">
      <Filter>源文件</Filter>
    </ClCompile>
    <ClCompile Include="src\lib\launchdetection\CatapultLaunchMethod.cpp">
      <Filter>源文件</Filter>
    </ClCompile>
    <ClCompile Include="src\lib\launchdetection\launchdetection_params.c">
      <Filter>源文件</Filter>
    </ClCompile>
    <ClCompile Include="src\lib\launchdetection\LaunchDetector.cpp">
      <Filter>源文件</Filter>
    </ClCompile>
    <ClCompile Include="src\lib\mathlib\math\filter\LowPassFilter2p.cpp">
      <Filter>源文件</Filter>
    </ClCompile>
    <ClCompile Include="src\lib\mathlib\math\test\test.cpp">
      <Filter>源文件</Filter>
    </ClCompile>
    <ClCompile Include="src\lib\mathlib\math\Limits.cpp">
      <Filter>源文件</Filter>
    </ClCompile>
    <ClCompile Include="src\lib\rc\st24.c">
      <Filter>源文件</Filter>
    </ClCompile>
    <ClCompile Include="src\lib\rc\sumd.c">
      <Filter>源文件</Filter>
    </ClCompile>
    <ClCompile Include="src\modules\attitude_estimator_ekf\codegen\AttitudeEKF.c">
      <Filter>源文件</Filter>
    </ClCompile>
    <ClCompile Include="src\modules\attitude_estimator_ekf\attitude_estimator_ekf_main.cpp">
      <Filter>源文件</Filter>
    </ClCompile>
    <ClCompile Include="src\modules\attitude_estimator_ekf\attitude_estimator_ekf_params.c">
      <Filter>源文件</Filter>
    </ClCompile>
    <ClCompile Include="src\modules\attitude_estimator_q\attitude_estimator_q_main.cpp">
      <Filter>源文件</Filter>
    </ClCompile>
    <ClCompile Include="src\modules\attitude_estimator_q\attitude_estimator_q_params.c">
      <Filter>源文件</Filter>
    </ClCompile>
    <ClCompile Include="src\modules\bottle_drop\bottle_drop.cpp">
      <Filter>源文件</Filter>
    </ClCompile>
    <ClCompile Include="src\modules\bottle_drop\bottle_drop_params.c">
      <Filter>源文件</Filter>
    </ClCompile>
    <ClCompile Include="src\modules\commander\commander_tests\commander_tests.cpp">
      <Filter>源文件</Filter>
    </ClCompile>
    <ClCompile Include="src\modules\commander\commander_tests\state_machine_helper_test.cpp">
      <Filter>源文件</Filter>
    </ClCompile>
    <ClCompile Include="src\modules\commander\accelerometer_calibration.cpp">
      <Filter>源文件</Filter>
    </ClCompile>
    <ClCompile Include="src\modules\commander\airspeed_calibration.cpp">
      <Filter>源文件</Filter>
    </ClCompile>
    <ClCompile Include="src\modules\commander\baro_calibration.cpp">
      <Filter>源文件</Filter>
    </ClCompile>
    <ClCompile Include="src\modules\commander\calibration_routines.cpp">
      <Filter>源文件</Filter>
    </ClCompile>
    <ClCompile Include="src\modules\commander\commander.cpp">
      <Filter>源文件</Filter>
    </ClCompile>
    <ClCompile Include="src\modules\commander\commander_helper.cpp">
      <Filter>源文件</Filter>
    </ClCompile>
    <ClCompile Include="src\modules\commander\commander_params.c">
      <Filter>源文件</Filter>
    </ClCompile>
    <ClCompile Include="src\modules\commander\esc_calibration.cpp">
      <Filter>源文件</Filter>
    </ClCompile>
    <ClCompile Include="src\modules\commander\gyro_calibration.cpp">
      <Filter>源文件</Filter>
    </ClCompile>
    <ClCompile Include="src\modules\commander\mag_calibration.cpp">
      <Filter>源文件</Filter>
    </ClCompile>
    <ClCompile Include="src\modules\commander\PreflightCheck.cpp">
      <Filter>源文件</Filter>
    </ClCompile>
    <ClCompile Include="src\modules\commander\rc_calibration.cpp">
      <Filter>源文件</Filter>
    </ClCompile>
    <ClCompile Include="src\modules\commander\state_machine_helper.cpp">
      <Filter>源文件</Filter>
    </ClCompile>
    <ClCompile Include="src\modules\controllib\block\Block.cpp">
      <Filter>源文件</Filter>
    </ClCompile>
    <ClCompile Include="src\modules\controllib\block\BlockParam.cpp">
      <Filter>源文件</Filter>
    </ClCompile>
    <ClCompile Include="src\modules\controllib\uorb\blocks.cpp">
      <Filter>源文件</Filter>
    </ClCompile>
    <ClCompile Include="src\modules\controllib\blocks.cpp">
      <Filter>源文件</Filter>
    </ClCompile>
    <ClCompile Include="src\modules\controllib\controllib_test_main.cpp">
      <Filter>源文件</Filter>
    </ClCompile>
    <ClCompile Include="src\modules\controllib\test_params.c">
      <Filter>源文件</Filter>
    </ClCompile>
    <ClCompile Include="src\modules\dataman\dataman.c">
      <Filter>源文件</Filter>
    </ClCompile>
    <ClCompile Include="src\modules\ekf_att_pos_estimator\ekf_att_pos_estimator_main.cpp">
      <Filter>源文件</Filter>
    </ClCompile>
    <ClCompile Include="src\modules\ekf_att_pos_estimator\ekf_att_pos_estimator_params.c">
      <Filter>源文件</Filter>
    </ClCompile>
    <ClCompile Include="src\modules\ekf_att_pos_estimator\estimator_22states.cpp">
      <Filter>源文件</Filter>
    </ClCompile>
    <ClCompile Include="src\modules\ekf_att_pos_estimator\estimator_utilities.cpp">
      <Filter>源文件</Filter>
    </ClCompile>
    <ClCompile Include="src\modules\fixedwing_backside\fixedwing.cpp">
      <Filter>源文件</Filter>
    </ClCompile>
    <ClCompile Include="src\modules\fixedwing_backside\fixedwing_backside_main.cpp">
      <Filter>源文件</Filter>
    </ClCompile>
    <ClCompile Include="src\modules\fixedwing_backside\params.c">
      <Filter>源文件</Filter>
    </ClCompile>
    <ClCompile Include="src\modules\fw_att_control\fw_att_control_main.cpp">
      <Filter>源文件</Filter>
    </ClCompile>
    <ClCompile Include="src\modules\fw_att_control\fw_att_control_params.c">
      <Filter>源文件</Filter>
    </ClCompile>
    <ClCompile Include="src\modules\fw_pos_control_l1\mtecs\limitoverride.cpp">
      <Filter>源文件</Filter>
    </ClCompile>
    <ClCompile Include="src\modules\fw_pos_control_l1\mtecs\mTecs.cpp">
      <Filter>源文件</Filter>
    </ClCompile>
    <ClCompile Include="src\modules\fw_pos_control_l1\mtecs\mTecs_params.c">
      <Filter>源文件</Filter>
    </ClCompile>
    <ClCompile Include="src\modules\fw_pos_control_l1\fw_pos_control_l1_main.cpp">
      <Filter>源文件</Filter>
    </ClCompile>
    <ClCompile Include="src\modules\fw_pos_control_l1\fw_pos_control_l1_params.c">
      <Filter>源文件</Filter>
    </ClCompile>
    <ClCompile Include="src\modules\fw_pos_control_l1\landingslope.cpp">
      <Filter>源文件</Filter>
    </ClCompile>
    <ClCompile Include="src\modules\gpio_led\gpio_led.c">
      <Filter>源文件</Filter>
    </ClCompile>
    <ClCompile Include="src\modules\land_detector\FixedwingLandDetector.cpp">
      <Filter>源文件</Filter>
    </ClCompile>
    <ClCompile Include="src\modules\land_detector\land_detector_main.cpp">
      <Filter>源文件</Filter>
    </ClCompile>
    <ClCompile Include="src\modules\land_detector\land_detector_params.c">
      <Filter>源文件</Filter>
    </ClCompile>
    <ClCompile Include="src\modules\land_detector\LandDetector.cpp">
      <Filter>源文件</Filter>
    </ClCompile>
    <ClCompile Include="src\modules\land_detector\MulticopterLandDetector.cpp">
      <Filter>源文件</Filter>
    </ClCompile>
    <ClCompile Include="src\modules\local_position_estimator\BlockLocalPositionEstimator.cpp">
      <Filter>源文件</Filter>
    </ClCompile>
    <ClCompile Include="src\modules\local_position_estimator\local_position_estimator_main.cpp">
      <Filter>源文件</Filter>
    </ClCompile>
    <ClCompile Include="src\modules\local_position_estimator\params.c">
      <Filter>源文件</Filter>
    </ClCompile>
    <ClCompile Include="src\modules\mavlink\mavlink_tests\mavlink_ftp_test.cpp">
      <Filter>源文件</Filter>
    </ClCompile>
    <ClCompile Include="src\modules\mavlink\mavlink_tests\mavlink_tests.cpp">
      <Filter>源文件</Filter>
    </ClCompile>
    <ClCompile Include="src\modules\mavlink\mavlink.c">
      <Filter>源文件</Filter>
    </ClCompile>
    <ClCompile Include="src\modules\mavlink\mavlink_ftp.cpp">
      <Filter>源文件</Filter>
    </ClCompile>
    <ClCompile Include="src\modules\mavlink\mavlink_main.cpp">
      <Filter>源文件</Filter>
    </ClCompile>
    <ClCompile Include="src\modules\mavlink\mavlink_messages.cpp">
      <Filter>源文件</Filter>
    </ClCompile>
    <ClCompile Include="src\modules\mavlink\mavlink_mission.cpp">
      <Filter>源文件</Filter>
    </ClCompile>
    <ClCompile Include="src\modules\mavlink\mavlink_orb_subscription.cpp">
      <Filter>源文件</Filter>
    </ClCompile>
    <ClCompile Include="src\modules\mavlink\mavlink_parameters.cpp">
      <Filter>源文件</Filter>
    </ClCompile>
    <ClCompile Include="src\modules\mavlink\mavlink_params.c">
      <Filter>源文件</Filter>
    </ClCompile>
    <ClCompile Include="src\modules\mavlink\mavlink_rate_limiter.cpp">
      <Filter>源文件</Filter>
    </ClCompile>
    <ClCompile Include="src\modules\mavlink\mavlink_receiver.cpp">
      <Filter>源文件</Filter>
    </ClCompile>
    <ClCompile Include="src\modules\mavlink\mavlink_stream.cpp">
      <Filter>源文件</Filter>
    </ClCompile>
    <ClCompile Include="src\modules\mc_att_control\mc_att_control_main.cpp">
      <Filter>源文件</Filter>
    </ClCompile>
    <ClCompile Include="src\modules\mc_att_control\mc_att_control_params.c">
      <Filter>源文件</Filter>
    </ClCompile>
    <ClCompile Include="src\modules\mc_att_control_multiplatform\mc_att_control.cpp">
      <Filter>源文件</Filter>
    </ClCompile>
    <ClCompile Include="src\modules\mc_att_control_multiplatform\mc_att_control_base.cpp">
      <Filter>源文件</Filter>
    </ClCompile>
    <ClCompile Include="src\modules\mc_att_control_multiplatform\mc_att_control_main.cpp">
      <Filter>源文件</Filter>
    </ClCompile>
    <ClCompile Include="src\modules\mc_att_control_multiplatform\mc_att_control_params.c">
      <Filter>源文件</Filter>
    </ClCompile>
    <ClCompile Include="src\modules\mc_att_control_multiplatform\mc_att_control_sim.cpp">
      <Filter>源文件</Filter>
    </ClCompile>
    <ClCompile Include="src\modules\mc_att_control_multiplatform\mc_att_control_start_nuttx.cpp">
      <Filter>源文件</Filter>
    </ClCompile>
    <ClCompile Include="src\modules\mc_pos_control\mc_pos_control_main.cpp">
      <Filter>源文件</Filter>
    </ClCompile>
    <ClCompile Include="src\modules\mc_pos_control\mc_pos_control_params.c">
      <Filter>源文件</Filter>
    </ClCompile>
    <ClCompile Include="src\modules\mc_pos_control_multiplatform\mc_pos_control.cpp">
      <Filter>源文件</Filter>
    </ClCompile>
    <ClCompile Include="src\modules\mc_pos_control_multiplatform\mc_pos_control_main.cpp">
      <Filter>源文件</Filter>
    </ClCompile>
    <ClCompile Include="src\modules\mc_pos_control_multiplatform\mc_pos_control_params.c">
      <Filter>源文件</Filter>
    </ClCompile>
    <ClCompile Include="src\modules\mc_pos_control_multiplatform\mc_pos_control_start_nuttx.cpp">
      <Filter>源文件</Filter>
    </ClCompile>
    <ClCompile Include="src\modules\muorb\adsp\px4muorb.cpp">
      <Filter>源文件</Filter>
    </ClCompile>
    <ClCompile Include="src\modules\muorb\adsp\uORBFastRpcChannel.cpp">
      <Filter>源文件</Filter>
    </ClCompile>
    <ClCompile Include="src\modules\muorb\krait\muorb_main.cpp">
      <Filter>源文件</Filter>
    </ClCompile>
    <ClCompile Include="src\modules\muorb\krait\uORBKraitFastRpcChannel.cpp">
      <Filter>源文件</Filter>
    </ClCompile>
    <ClCompile Include="src\modules\navigator\datalinkloss.cpp">
      <Filter>源文件</Filter>
    </ClCompile>
    <ClCompile Include="src\modules\navigator\datalinkloss_params.c">
      <Filter>源文件</Filter>
    </ClCompile>
    <ClCompile Include="src\modules\navigator\enginefailure.cpp">
      <Filter>源文件</Filter>
    </ClCompile>
    <ClCompile Include="src\modules\navigator\geofence.cpp">
      <Filter>源文件</Filter>
    </ClCompile>
    <ClCompile Include="src\modules\navigator\geofence_params.c">
      <Filter>源文件</Filter>
    </ClCompile>
    <ClCompile Include="src\modules\navigator\gpsfailure.cpp">
      <Filter>源文件</Filter>
    </ClCompile>
    <ClCompile Include="src\modules\navigator\gpsfailure_params.c">
      <Filter>源文件</Filter>
    </ClCompile>
    <ClCompile Include="src\modules\navigator\loiter.cpp">
      <Filter>源文件</Filter>
    </ClCompile>
    <ClCompile Include="src\modules\navigator\mission.cpp">
      <Filter>源文件</Filter>
    </ClCompile>
    <ClCompile Include="src\modules\navigator\mission_block.cpp">
      <Filter>源文件</Filter>
    </ClCompile>
    <ClCompile Include="src\modules\navigator\mission_feasibility_checker.cpp">
      <Filter>源文件</Filter>
    </ClCompile>
    <ClCompile Include="src\modules\navigator\mission_params.c">
      <Filter>源文件</Filter>
    </ClCompile>
    <ClCompile Include="src\modules\navigator\navigator_main.cpp">
      <Filter>源文件</Filter>
    </ClCompile>
    <ClCompile Include="src\modules\navigator\navigator_mode.cpp">
      <Filter>源文件</Filter>
    </ClCompile>
    <ClCompile Include="src\modules\navigator\navigator_params.c">
      <Filter>源文件</Filter>
    </ClCompile>
    <ClCompile Include="src\modules\navigator\rcloss.cpp">
      <Filter>源文件</Filter>
    </ClCompile>
    <ClCompile Include="src\modules\navigator\rcloss_params.c">
      <Filter>源文件</Filter>
    </ClCompile>
    <ClCompile Include="src\modules\navigator\rtl.cpp">
      <Filter>源文件</Filter>
    </ClCompile>
    <ClCompile Include="src\modules\navigator\rtl_params.c">
      <Filter>源文件</Filter>
    </ClCompile>
    <ClCompile Include="src\modules\position_estimator_inav\inertial_filter.c">
      <Filter>源文件</Filter>
    </ClCompile>
    <ClCompile Include="src\modules\position_estimator_inav\position_estimator_inav_main.c">
      <Filter>源文件</Filter>
    </ClCompile>
    <ClCompile Include="src\modules\position_estimator_inav\position_estimator_inav_params.c">
      <Filter>源文件</Filter>
    </ClCompile>
    <ClCompile Include="src\modules\px4iofirmware\adc.c">
      <Filter>源文件</Filter>
    </ClCompile>
    <ClCompile Include="src\modules\px4iofirmware\controls.c">
      <Filter>源文件</Filter>
    </ClCompile>
    <ClCompile Include="src\modules\px4iofirmware\dsm.c">
      <Filter>源文件</Filter>
    </ClCompile>
    <ClCompile Include="src\modules\px4iofirmware\i2c.c">
      <Filter>源文件</Filter>
    </ClCompile>
    <ClCompile Include="src\modules\px4iofirmware\mixer.cpp">
      <Filter>源文件</Filter>
    </ClCompile>
    <ClCompile Include="src\modules\px4iofirmware\px4io.c">
      <Filter>源文件</Filter>
    </ClCompile>
    <ClCompile Include="src\modules\px4iofirmware\registers.c">
      <Filter>源文件</Filter>
    </ClCompile>
    <ClCompile Include="src\modules\px4iofirmware\safety.c">
      <Filter>源文件</Filter>
    </ClCompile>
    <ClCompile Include="src\modules\px4iofirmware\sbus.c">
      <Filter>源文件</Filter>
    </ClCompile>
    <ClCompile Include="src\modules\px4iofirmware\serial.c">
      <Filter>源文件</Filter>
    </ClCompile>
    <ClCompile Include="src\modules\sdlog2\logbuffer.c">
      <Filter>源文件</Filter>
    </ClCompile>
    <ClCompile Include="src\modules\sdlog2\params.c">
      <Filter>源文件</Filter>
    </ClCompile>
    <ClCompile Include="src\modules\sdlog2\sdlog2.c">
      <Filter>源文件</Filter>
    </ClCompile>
    <ClCompile Include="src\modules\segway\BlockSegwayController.cpp">
      <Filter>源文件</Filter>
    </ClCompile>
    <ClCompile Include="src\modules\segway\params.c">
      <Filter>源文件</Filter>
    </ClCompile>
    <ClCompile Include="src\modules\segway\segway_main.cpp">
      <Filter>源文件</Filter>
    </ClCompile>
    <ClCompile Include="src\modules\sensors\sensor_params.c">
      <Filter>源文件</Filter>
    </ClCompile>
    <ClCompile Include="src\modules\sensors\sensors.cpp">
      <Filter>源文件</Filter>
    </ClCompile>
    <ClCompile Include="src\modules\simulator\simulator.cpp">
      <Filter>源文件</Filter>
    </ClCompile>
    <ClCompile Include="src\modules\simulator\simulator_mavlink.cpp">
      <Filter>源文件</Filter>
    </ClCompile>
    <ClCompile Include="src\modules\systemlib\bson\tinybson.c">
      <Filter>源文件</Filter>
    </ClCompile>
    <ClCompile Include="src\modules\systemlib\mixer\mixer.cpp">
      <Filter>源文件</Filter>
    </ClCompile>
    <ClCompile Include="src\modules\systemlib\mixer\mixer_group.cpp">
      <Filter>源文件</Filter>
    </ClCompile>
    <ClCompile Include="src\modules\systemlib\mixer\mixer_load.c">
      <Filter>源文件</Filter>
    </ClCompile>
    <ClCompile Include="src\modules\systemlib\mixer\mixer_multirotor.cpp">
      <Filter>源文件</Filter>
    </ClCompile>
    <ClCompile Include="src\modules\systemlib\mixer\mixer_simple.cpp">
      <Filter>源文件</Filter>
    </ClCompile>
    <ClCompile Include="src\modules\systemlib\param\param.c">
      <Filter>源文件</Filter>
    </ClCompile>
    <ClCompile Include="src\modules\systemlib\pid\pid.c">
      <Filter>源文件</Filter>
    </ClCompile>
    <ClCompile Include="src\modules\systemlib\pwm_limit\pwm_limit.c">
      <Filter>源文件</Filter>
    </ClCompile>
    <ClCompile Include="src\modules\systemlib\airspeed.c">
      <Filter>源文件</Filter>
    </ClCompile>
    <ClCompile Include="src\modules\systemlib\board_serial.c">
      <Filter>源文件</Filter>
    </ClCompile>
    <ClCompile Include="src\modules\systemlib\circuit_breaker.cpp">
      <Filter>源文件</Filter>
    </ClCompile>
    <ClCompile Include="src\modules\systemlib\circuit_breaker_params.c">
      <Filter>源文件</Filter>
    </ClCompile>
    <ClCompile Include="src\modules\systemlib\conversions.c">
      <Filter>源文件</Filter>
    </ClCompile>
    <ClCompile Include="src\modules\systemlib\cpuload.c">
      <Filter>源文件</Filter>
    </ClCompile>
    <ClCompile Include="src\modules\systemlib\err.c">
      <Filter>源文件</Filter>
    </ClCompile>
    <ClCompile Include="src\modules\systemlib\getopt_long.c">
      <Filter>源文件</Filter>
    </ClCompile>
    <ClCompile Include="src\modules\systemlib\hx_stream.c">
      <Filter>源文件</Filter>
    </ClCompile>
    <ClCompile Include="src\modules\systemlib\mavlink_log.c">
      <Filter>源文件</Filter>
    </ClCompile>
    <ClCompile Include="src\modules\systemlib\mcu_version.c">
      <Filter>源文件</Filter>
    </ClCompile>
    <ClCompile Include="src\modules\systemlib\otp.c">
      <Filter>源文件</Filter>
    </ClCompile>
    <ClCompile Include="src\modules\systemlib\perf_counter.c">
      <Filter>源文件</Filter>
    </ClCompile>
    <ClCompile Include="src\modules\systemlib\ppm_decode.c">
      <Filter>源文件</Filter>
    </ClCompile>
    <ClCompile Include="src\modules\systemlib\print_load_posix.c">
      <Filter>源文件</Filter>
    </ClCompile>
    <ClCompile Include="src\modules\systemlib\printload.c">
      <Filter>源文件</Filter>
    </ClCompile>
    <ClCompile Include="src\modules\systemlib\rc_check.c">
      <Filter>源文件</Filter>
    </ClCompile>
    <ClCompile Include="src\modules\systemlib\system_params.c">
      <Filter>源文件</Filter>
    </ClCompile>
    <ClCompile Include="src\modules\systemlib\up_cxxinitialize.c">
      <Filter>源文件</Filter>
    </ClCompile>
    <ClCompile Include="src\modules\uavcan\actuators\esc.cpp">
      <Filter>源文件</Filter>
    </ClCompile>
    <ClCompile Include="src\modules\uavcan\sensors\baro.cpp">
      <Filter>源文件</Filter>
    </ClCompile>
    <ClCompile Include="src\modules\uavcan\sensors\gnss.cpp">
      <Filter>源文件</Filter>
    </ClCompile>
    <ClCompile Include="src\modules\uavcan\sensors\mag.cpp">
      <Filter>源文件</Filter>
    </ClCompile>
    <ClCompile Include="src\modules\uavcan\sensors\sensor_bridge.cpp">
      <Filter>源文件</Filter>
    </ClCompile>
    <ClCompile Include="src\modules\uavcan\uavcan_main.cpp">
      <Filter>源文件</Filter>
    </ClCompile>
    <ClCompile Include="src\modules\uavcan\uavcan_params.c">
      <Filter>源文件</Filter>
    </ClCompile>
    <ClCompile Include="src\modules\uavcan\uavcan_servers.cpp">
      <Filter>源文件</Filter>
    </ClCompile>
    <ClCompile Include="src\modules\unit_test\unit_test.cpp">
      <Filter>源文件</Filter>
    </ClCompile>
    <ClCompile Include="src\modules\uORB\objects_common.cpp">
      <Filter>源文件</Filter>
    </ClCompile>
    <ClCompile Include="src\modules\uORB\Publication.cpp">
      <Filter>源文件</Filter>
    </ClCompile>
    <ClCompile Include="src\modules\uORB\Subscription.cpp">
      <Filter>源文件</Filter>
    </ClCompile>
    <ClCompile Include="src\modules\uORB\uORB.cpp">
      <Filter>源文件</Filter>
    </ClCompile>
    <ClCompile Include="src\modules\uORB\uORBDevices_nuttx.cpp">
      <Filter>源文件</Filter>
    </ClCompile>
    <ClCompile Include="src\modules\uORB\uORBDevices_posix.cpp">
      <Filter>源文件</Filter>
    </ClCompile>
    <ClCompile Include="src\modules\uORB\uORBMain.cpp">
      <Filter>源文件</Filter>
    </ClCompile>
    <ClCompile Include="src\modules\uORB\uORBManager_nuttx.cpp">
      <Filter>源文件</Filter>
    </ClCompile>
    <ClCompile Include="src\modules\uORB\uORBManager_posix.cpp">
      <Filter>源文件</Filter>
    </ClCompile>
    <ClCompile Include="src\modules\uORB\uORBTest_UnitTest.cpp">
      <Filter>源文件</Filter>
    </ClCompile>
    <ClCompile Include="src\modules\uORB\uORBUtils.cpp">
      <Filter>源文件</Filter>
    </ClCompile>
    <ClCompile Include="src\modules\vtol_att_control\standard.cpp">
      <Filter>源文件</Filter>
    </ClCompile>
    <ClCompile Include="src\modules\vtol_att_control\standard_params.c">
      <Filter>源文件</Filter>
    </ClCompile>
    <ClCompile Include="src\modules\vtol_att_control\tailsitter.cpp">
      <Filter>源文件</Filter>
    </ClCompile>
    <ClCompile Include="src\modules\vtol_att_control\tiltrotor.cpp">
      <Filter>源文件</Filter>
    </ClCompile>
    <ClCompile Include="src\modules\vtol_att_control\tiltrotor_params.c">
      <Filter>源文件</Filter>
    </ClCompile>
    <ClCompile Include="src\modules\vtol_att_control\vtol_att_control_main.cpp">
      <Filter>源文件</Filter>
    </ClCompile>
    <ClCompile Include="src\modules\vtol_att_control\vtol_att_control_params.c">
      <Filter>源文件</Filter>
    </ClCompile>
    <ClCompile Include="src\modules\vtol_att_control\vtol_type.cpp">
      <Filter>源文件</Filter>
    </ClCompile>
    <ClCompile Include="src\platforms\common\px4_getopt.c">
      <Filter>源文件</Filter>
    </ClCompile>
    <ClCompile Include="src\platforms\nuttx\px4_layer\px4_nuttx_tasks.c">
      <Filter>源文件</Filter>
    </ClCompile>
    <ClCompile Include="src\platforms\nuttx\px4_nuttx_impl.cpp">
      <Filter>源文件</Filter>
    </ClCompile>
    <ClCompile Include="src\platforms\posix\drivers\accelsim\accelsim.cpp">
      <Filter>源文件</Filter>
    </ClCompile>
    <ClCompile Include="src\platforms\posix\drivers\adcsim\adcsim.cpp">
      <Filter>源文件</Filter>
    </ClCompile>
    <ClCompile Include="src\platforms\posix\drivers\airspeedsim\airspeedsim.cpp">
      <Filter>源文件</Filter>
    </ClCompile>
    <ClCompile Include="src\platforms\posix\drivers\airspeedsim\meas_airspeed_sim.cpp">
      <Filter>源文件</Filter>
    </ClCompile>
    <ClCompile Include="src\platforms\posix\drivers\barosim\baro.cpp">
      <Filter>源文件</Filter>
    </ClCompile>
    <ClCompile Include="src\platforms\posix\drivers\barosim\baro_sim.cpp">
      <Filter>源文件</Filter>
    </ClCompile>
    <ClCompile Include="src\platforms\posix\drivers\gpssim\gpssim.cpp">
      <Filter>源文件</Filter>
    </ClCompile>
    <ClCompile Include="src\platforms\posix\drivers\gpssim\ubx_sim.cpp">
      <Filter>源文件</Filter>
    </ClCompile>
    <ClCompile Include="src\platforms\posix\drivers\gyrosim\gyrosim.cpp">
      <Filter>源文件</Filter>
    </ClCompile>
    <ClCompile Include="src\platforms\posix\drivers\tonealrmsim\tone_alarm.cpp">
      <Filter>源文件</Filter>
    </ClCompile>
    <ClCompile Include="src\platforms\posix\px4_layer\drv_hrt.c">
      <Filter>源文件</Filter>
    </ClCompile>
    <ClCompile Include="src\platforms\posix\px4_layer\lib_crc32.c">
      <Filter>源文件</Filter>
    </ClCompile>
    <ClCompile Include="src\platforms\posix\px4_layer\px4_log.c">
      <Filter>源文件</Filter>
    </ClCompile>
    <ClCompile Include="src\platforms\posix\px4_layer\px4_posix_impl.cpp">
      <Filter>源文件</Filter>
    </ClCompile>
    <ClCompile Include="src\platforms\posix\px4_layer\px4_posix_tasks.cpp">
      <Filter>源文件</Filter>
    </ClCompile>
    <ClCompile Include="src\platforms\posix\px4_layer\px4_sem.cpp">
      <Filter>源文件</Filter>
    </ClCompile>
    <ClCompile Include="src\platforms\posix\tests\hello\hello_example.cpp">
      <Filter>源文件</Filter>
    </ClCompile>
    <ClCompile Include="src\platforms\posix\tests\hello\hello_main.cpp">
      <Filter>源文件</Filter>
    </ClCompile>
    <ClCompile Include="src\platforms\posix\tests\hello\hello_start_posix.cpp">
      <Filter>源文件</Filter>
    </ClCompile>
    <ClCompile Include="src\platforms\posix\tests\hrt_test\hrt_test.cpp">
      <Filter>源文件</Filter>
    </ClCompile>
    <ClCompile Include="src\platforms\posix\tests\hrt_test\hrt_test_main.cpp">
      <Filter>源文件</Filter>
    </ClCompile>
    <ClCompile Include="src\platforms\posix\tests\hrt_test\hrt_test_start_posix.cpp">
      <Filter>源文件</Filter>
    </ClCompile>
    <ClCompile Include="src\platforms\posix\tests\muorb\muorb_test_example.cpp">
      <Filter>源文件</Filter>
    </ClCompile>
    <ClCompile Include="src\platforms\posix\tests\muorb\muorb_test_main.cpp">
      <Filter>源文件</Filter>
    </ClCompile>
    <ClCompile Include="src\platforms\posix\tests\muorb\muorb_test_start_posix.cpp">
      <Filter>源文件</Filter>
    </ClCompile>
    <ClCompile Include="src\platforms\posix\tests\vcdev_test\vcdevtest_example.cpp">
      <Filter>源文件</Filter>
    </ClCompile>
    <ClCompile Include="src\platforms\posix\tests\vcdev_test\vcdevtest_main.cpp">
      <Filter>源文件</Filter>
    </ClCompile>
    <ClCompile Include="src\platforms\posix\tests\vcdev_test\vcdevtest_start_posix.cpp">
      <Filter>源文件</Filter>
    </ClCompile>
    <ClCompile Include="src\platforms\posix\tests\wqueue\wqueue_main.cpp">
      <Filter>源文件</Filter>
    </ClCompile>
    <ClCompile Include="src\platforms\posix\tests\wqueue\wqueue_start_posix.cpp">
      <Filter>源文件</Filter>
    </ClCompile>
    <ClCompile Include="src\platforms\posix\tests\wqueue\wqueue_test.cpp">
      <Filter>源文件</Filter>
    </ClCompile>
    <ClCompile Include="src\platforms\posix\work_queue\dq_addlast.c">
      <Filter>源文件</Filter>
    </ClCompile>
    <ClCompile Include="src\platforms\posix\work_queue\dq_rem.c">
      <Filter>源文件</Filter>
    </ClCompile>
    <ClCompile Include="src\platforms\posix\work_queue\dq_remfirst.c">
      <Filter>源文件</Filter>
    </ClCompile>
    <ClCompile Include="src\platforms\posix\work_queue\hrt_queue.c">
      <Filter>源文件</Filter>
    </ClCompile>
    <ClCompile Include="src\platforms\posix\work_queue\hrt_thread.c">
      <Filter>源文件</Filter>
    </ClCompile>
    <ClCompile Include="src\platforms\posix\work_queue\hrt_work_cancel.c">
      <Filter>源文件</Filter>
    </ClCompile>
    <ClCompile Include="src\platforms\posix\work_queue\queue.c">
      <Filter>源文件</Filter>
    </ClCompile>
    <ClCompile Include="src\platforms\posix\work_queue\sq_addafter.c">
      <Filter>源文件</Filter>
    </ClCompile>
    <ClCompile Include="src\platforms\posix\work_queue\sq_addlast.c">
      <Filter>源文件</Filter>
    </ClCompile>
    <ClCompile Include="src\platforms\posix\work_queue\sq_remfirst.c">
      <Filter>源文件</Filter>
    </ClCompile>
    <ClCompile Include="src\platforms\posix\work_queue\work_cancel.c">
      <Filter>源文件</Filter>
    </ClCompile>
    <ClCompile Include="src\platforms\posix\work_queue\work_lock.c">
      <Filter>源文件</Filter>
    </ClCompile>
    <ClCompile Include="src\platforms\posix\work_queue\work_queue.c">
      <Filter>源文件</Filter>
    </ClCompile>
    <ClCompile Include="src\platforms\posix\work_queue\work_thread.c">
      <Filter>源文件</Filter>
    </ClCompile>
    <ClCompile Include="src\platforms\posix\main.cpp">
      <Filter>源文件</Filter>
    </ClCompile>
    <ClCompile Include="src\platforms\qurt\dspal\dspal_stub.c">
      <Filter>源文件</Filter>
    </ClCompile>
    <ClCompile Include="src\platforms\qurt\px4_layer\commands_hello.c">
      <Filter>源文件</Filter>
    </ClCompile>
    <ClCompile Include="src\platforms\qurt\px4_layer\commands_hil.c">
      <Filter>源文件</Filter>
    </ClCompile>
    <ClCompile Include="src\platforms\qurt\px4_layer\commands_muorb.c">
      <Filter>源文件</Filter>
    </ClCompile>
    <ClCompile Include="src\platforms\qurt\px4_layer\commands_release.c">
      <Filter>源文件</Filter>
    </ClCompile>
    <ClCompile Include="src\platforms\qurt\px4_layer\commands_test.c">
      <Filter>源文件</Filter>
    </ClCompile>
    <ClCompile Include="src\platforms\qurt\px4_layer\drv_hrt.c">
      <Filter>源文件</Filter>
    </ClCompile>
    <ClCompile Include="src\platforms\qurt\px4_layer\lib_crc32.c">
      <Filter>源文件</Filter>
    </ClCompile>
    <ClCompile Include="src\platforms\qurt\px4_layer\main.cpp">
      <Filter>源文件</Filter>
    </ClCompile>
    <ClCompile Include="src\platforms\qurt\px4_layer\params.c">
      <Filter>源文件</Filter>
    </ClCompile>
    <ClCompile Include="src\platforms\qurt\px4_layer\px4_qurt_impl.cpp">
      <Filter>源文件</Filter>
    </ClCompile>
    <ClCompile Include="src\platforms\qurt\px4_layer\px4_qurt_tasks.cpp">
      <Filter>源文件</Filter>
    </ClCompile>
    <ClCompile Include="src\platforms\qurt\px4_layer\qurt_stubs.c">
      <Filter>源文件</Filter>
    </ClCompile>
    <ClCompile Include="src\platforms\qurt\stubs\stubs_posix.c">
      <Filter>源文件</Filter>
    </ClCompile>
    <ClCompile Include="src\platforms\qurt\stubs\stubs_qurt.c">
      <Filter>源文件</Filter>
    </ClCompile>
    <ClCompile Include="src\platforms\qurt\tests\hello\hello_example.cpp">
      <Filter>源文件</Filter>
    </ClCompile>
    <ClCompile Include="src\platforms\qurt\tests\hello\hello_main.cpp">
      <Filter>源文件</Filter>
    </ClCompile>
    <ClCompile Include="src\platforms\qurt\tests\hello\hello_start_qurt.cpp">
      <Filter>源文件</Filter>
    </ClCompile>
    <ClCompile Include="src\platforms\qurt\tests\muorb\muorb_test_example.cpp">
      <Filter>源文件</Filter>
    </ClCompile>
    <ClCompile Include="src\platforms\qurt\tests\muorb\muorb_test_main.cpp">
      <Filter>源文件</Filter>
    </ClCompile>
    <ClCompile Include="src\platforms\qurt\tests\muorb\muorb_test_start_qurt.cpp">
      <Filter>源文件</Filter>
    </ClCompile>
    <ClCompile Include="src\platforms\ros\nodes\attitude_estimator\attitude_estimator.cpp">
      <Filter>源文件</Filter>
    </ClCompile>
    <ClCompile Include="src\platforms\ros\nodes\commander\commander.cpp">
      <Filter>源文件</Filter>
    </ClCompile>
    <ClCompile Include="src\platforms\ros\nodes\demo_offboard_attitude_setpoints\demo_offboard_attitude_setpoints.cpp">
      <Filter>源文件</Filter>
    </ClCompile>
    <ClCompile Include="src\platforms\ros\nodes\demo_offboard_position_setpoints\demo_offboard_position_setpoints.cpp">
      <Filter>源文件</Filter>
    </ClCompile>
    <ClCompile Include="src\platforms\ros\nodes\manual_input\manual_input.cpp">
      <Filter>源文件</Filter>
    </ClCompile>
    <ClCompile Include="src\platforms\ros\nodes\mavlink\mavlink.cpp">
      <Filter>源文件</Filter>
    </ClCompile>
    <ClCompile Include="src\platforms\ros\nodes\mc_mixer\mc_mixer.cpp">
      <Filter>源文件</Filter>
    </ClCompile>
    <ClCompile Include="src\platforms\ros\nodes\position_estimator\position_estimator.cpp">
      <Filter>源文件</Filter>
    </ClCompile>
    <ClCompile Include="src\platforms\ros\geo.cpp">
      <Filter>源文件</Filter>
    </ClCompile>
    <ClCompile Include="src\platforms\ros\perf_counter.cpp">
      <Filter>源文件</Filter>
    </ClCompile>
    <ClCompile Include="src\platforms\ros\px4_nodehandle.cpp">
      <Filter>源文件</Filter>
    </ClCompile>
    <ClCompile Include="src\platforms\ros\px4_publisher.cpp">
      <Filter>源文件</Filter>
    </ClCompile>
    <ClCompile Include="src\platforms\ros\px4_ros_impl.cpp">
      <Filter>源文件</Filter>
    </ClCompile>
    <ClCompile Include="src\platforms\empty.c">
      <Filter>源文件</Filter>
    </ClCompile>
    <ClCompile Include="src\systemcmds\bl_update\bl_update.c">
      <Filter>源文件</Filter>
    </ClCompile>
    <ClCompile Include="src\systemcmds\config\config.c">
      <Filter>源文件</Filter>
    </ClCompile>
    <ClCompile Include="src\systemcmds\dumpfile\dumpfile.c">
      <Filter>源文件</Filter>
    </ClCompile>
    <ClCompile Include="src\systemcmds\esc_calib\esc_calib.c">
      <Filter>源文件</Filter>
    </ClCompile>
    <ClCompile Include="src\systemcmds\i2c\i2c.c">
      <Filter>源文件</Filter>
    </ClCompile>
    <ClCompile Include="src\systemcmds\mixer\mixer.cpp">
      <Filter>源文件</Filter>
    </ClCompile>
    <ClCompile Include="src\systemcmds\motor_test\motor_test.c">
      <Filter>源文件</Filter>
    </ClCompile>
    <ClCompile Include="src\systemcmds\mtd\24xxxx_mtd.c">
      <Filter>源文件</Filter>
    </ClCompile>
    <ClCompile Include="src\systemcmds\mtd\mtd.c">
      <Filter>源文件</Filter>
    </ClCompile>
    <ClCompile Include="src\systemcmds\nshterm\nshterm.c">
      <Filter>源文件</Filter>
    </ClCompile>
    <ClCompile Include="src\systemcmds\param\param.c">
      <Filter>源文件</Filter>
    </ClCompile>
    <ClCompile Include="src\systemcmds\perf\perf.c">
      <Filter>源文件</Filter>
    </ClCompile>
    <ClCompile Include="src\systemcmds\pwm\pwm.c">
      <Filter>源文件</Filter>
    </ClCompile>
    <ClCompile Include="src\systemcmds\reboot\reboot.c">
      <Filter>源文件</Filter>
    </ClCompile>
    <ClCompile Include="src\systemcmds\reflect\reflect.c">
      <Filter>源文件</Filter>
    </ClCompile>
    <ClCompile Include="src\systemcmds\tests\test_adc.c">
      <Filter>源文件</Filter>
    </ClCompile>
    <ClCompile Include="src\systemcmds\tests\test_bson.c">
      <Filter>源文件</Filter>
    </ClCompile>
    <ClCompile Include="src\systemcmds\tests\test_conv.cpp">
      <Filter>源文件</Filter>
    </ClCompile>
    <ClCompile Include="src\systemcmds\tests\test_dataman.c">
      <Filter>源文件</Filter>
    </ClCompile>
    <ClCompile Include="src\systemcmds\tests\test_eigen.cpp">
      <Filter>源文件</Filter>
    </ClCompile>
    <ClCompile Include="src\systemcmds\tests\test_file.c">
      <Filter>源文件</Filter>
    </ClCompile>
    <ClCompile Include="src\systemcmds\tests\test_file2.c">
      <Filter>源文件</Filter>
    </ClCompile>
    <ClCompile Include="src\systemcmds\tests\test_float.c">
      <Filter>源文件</Filter>
    </ClCompile>
    <ClCompile Include="src\systemcmds\tests\test_gpio.c">
      <Filter>源文件</Filter>
    </ClCompile>
    <ClCompile Include="src\systemcmds\tests\test_hott_telemetry.c">
      <Filter>源文件</Filter>
    </ClCompile>
    <ClCompile Include="src\systemcmds\tests\test_hrt.c">
      <Filter>源文件</Filter>
    </ClCompile>
    <ClCompile Include="src\systemcmds\tests\test_int.c">
      <Filter>源文件</Filter>
    </ClCompile>
    <ClCompile Include="src\systemcmds\tests\test_jig_voltages.c">
      <Filter>源文件</Filter>
    </ClCompile>
    <ClCompile Include="src\systemcmds\tests\test_led.c">
      <Filter>源文件</Filter>
    </ClCompile>
    <ClCompile Include="src\systemcmds\tests\test_mathlib.cpp">
      <Filter>源文件</Filter>
    </ClCompile>
    <ClCompile Include="src\systemcmds\tests\test_mixer.cpp">
      <Filter>源文件</Filter>
    </ClCompile>
    <ClCompile Include="src\systemcmds\tests\test_mount.c">
      <Filter>源文件</Filter>
    </ClCompile>
    <ClCompile Include="src\systemcmds\tests\test_params.c">
      <Filter>源文件</Filter>
    </ClCompile>
    <ClCompile Include="src\systemcmds\tests\test_ppm_loopback.c">
      <Filter>源文件</Filter>
    </ClCompile>
    <ClCompile Include="src\systemcmds\tests\test_rc.c">
      <Filter>源文件</Filter>
    </ClCompile>
    <ClCompile Include="src\systemcmds\tests\test_sensors.c">
      <Filter>源文件</Filter>
    </ClCompile>
    <ClCompile Include="src\systemcmds\tests\test_servo.c">
      <Filter>源文件</Filter>
    </ClCompile>
    <ClCompile Include="src\systemcmds\tests\test_sleep.c">
      <Filter>源文件</Filter>
    </ClCompile>
    <ClCompile Include="src\systemcmds\tests\test_time.c">
      <Filter>源文件</Filter>
    </ClCompile>
    <ClCompile Include="src\systemcmds\tests\test_uart_baudchange.c">
      <Filter>源文件</Filter>
    </ClCompile>
    <ClCompile Include="src\systemcmds\tests\test_uart_console.c">
      <Filter>源文件</Filter>
    </ClCompile>
    <ClCompile Include="src\systemcmds\tests\test_uart_loopback.c">
      <Filter>源文件</Filter>
    </ClCompile>
    <ClCompile Include="src\systemcmds\tests\test_uart_send.c">
      <Filter>源文件</Filter>
    </ClCompile>
    <ClCompile Include="src\systemcmds\tests\tests_main.c">
      <Filter>源文件</Filter>
    </ClCompile>
    <ClCompile Include="src\systemcmds\top\top.c">
      <Filter>源文件</Filter>
    </ClCompile>
    <ClCompile Include="src\systemcmds\usb_connected\usb_connected.c">
      <Filter>源文件</Filter>
    </ClCompile>
    <ClCompile Include="src\systemcmds\ver\ver.c">
      <Filter>源文件</Filter>
    </ClCompile>
  </ItemGroup>
</Project>